// !$*UTF8*$!
{
	archiveVersion = 1;
	classes = {
	};
	objectVersion = 46;
	objects = {

/* Begin PBXBuildFile section */
		1AAE171A1912809D00827139 /* QuartzCore.framework in Frameworks */ = {isa = PBXBuildFile; fileRef = 1AAE17191912809D00827139 /* QuartzCore.framework */; };
		C8667B7E191877D0003D44CF /* HVBase64StaticFile.m in Sources */ = {isa = PBXBuildFile; fileRef = C8667B5E191877D0003D44CF /* HVBase64StaticFile.m */; };
		C8667B7F191877D0003D44CF /* HVCoreDataHandler.m in Sources */ = {isa = PBXBuildFile; fileRef = C8667B60191877D0003D44CF /* HVCoreDataHandler.m */; };
		C8667B80191877D0003D44CF /* HVHierarchyHandler.m in Sources */ = {isa = PBXBuildFile; fileRef = C8667B62191877D0003D44CF /* HVHierarchyHandler.m */; };
		C8667B81191877D0003D44CF /* HVPreviewHandler.m in Sources */ = {isa = PBXBuildFile; fileRef = C8667B64191877D0003D44CF /* HVPreviewHandler.m */; };
		C8667B82191877D0003D44CF /* HVPropertyEditorHandler.m in Sources */ = {isa = PBXBuildFile; fileRef = C8667B66191877D0003D44CF /* HVPropertyEditorHandler.m */; };
		C8667B83191877D0003D44CF /* HVStaticFileHandler.m in Sources */ = {isa = PBXBuildFile; fileRef = C8667B68191877D0003D44CF /* HVStaticFileHandler.m */; };
		C8667B84191877D0003D44CF /* HVBaseRequestHandler.m in Sources */ = {isa = PBXBuildFile; fileRef = C8667B6A191877D0003D44CF /* HVBaseRequestHandler.m */; };
		C8667B85191877D0003D44CF /* HVHTTPServer.m in Sources */ = {isa = PBXBuildFile; fileRef = C8667B6C191877D0003D44CF /* HVHTTPServer.m */; };
		C8667B86191877D0003D44CF /* HVHierarchyScanner.m in Sources */ = {isa = PBXBuildFile; fileRef = C8667B6F191877D0003D44CF /* HVHierarchyScanner.m */; };
		C8667B87191877D0003D44CF /* iOSHierarchyViewer.m in Sources */ = {isa = PBXBuildFile; fileRef = C8667B72191877D0003D44CF /* iOSHierarchyViewer.m */; };
		C8667B88191877D0003D44CF /* index_core.html in Resources */ = {isa = PBXBuildFile; fileRef = C8667B74191877D0003D44CF /* index_core.html */; };
		C8667B89191877D0003D44CF /* index_ui.html in Resources */ = {isa = PBXBuildFile; fileRef = C8667B75191877D0003D44CF /* index_ui.html */; };
		C8667B8A191877D0003D44CF /* jquery.js in Sources */ = {isa = PBXBuildFile; fileRef = C8667B76191877D0003D44CF /* jquery.js */; };
		C8667B8B191877D0003D44CF /* navbar.js in Sources */ = {isa = PBXBuildFile; fileRef = C8667B77191877D0003D44CF /* navbar.js */; };
		C8667B8C191877D0003D44CF /* style.css in Resources */ = {isa = PBXBuildFile; fileRef = C8667B78191877D0003D44CF /* style.css */; };
		C8667BA019187873003D44CF /* CGGeometry-KIFAdditions.m in Sources */ = {isa = PBXBuildFile; fileRef = C8667B8F19187873003D44CF /* CGGeometry-KIFAdditions.m */; };
		C8667BA119187873003D44CF /* NSFileManager-KIFAdditions.m in Sources */ = {isa = PBXBuildFile; fileRef = C8667B9119187873003D44CF /* NSFileManager-KIFAdditions.m */; };
		C8667BA219187873003D44CF /* UIAccessibilityElement-KIFAdditions.m in Sources */ = {isa = PBXBuildFile; fileRef = C8667B9319187873003D44CF /* UIAccessibilityElement-KIFAdditions.m */; };
		C8667BA319187873003D44CF /* UIApplication-KIFAdditions.m in Sources */ = {isa = PBXBuildFile; fileRef = C8667B9519187873003D44CF /* UIApplication-KIFAdditions.m */; };
		C8667BA419187873003D44CF /* UIScrollView-KIFAdditions.m in Sources */ = {isa = PBXBuildFile; fileRef = C8667B9719187873003D44CF /* UIScrollView-KIFAdditions.m */; };
		C8667BA519187873003D44CF /* UITableView-KIFAdditions.m in Sources */ = {isa = PBXBuildFile; fileRef = C8667B9919187873003D44CF /* UITableView-KIFAdditions.m */; };
		C8667BA619187873003D44CF /* UITouch-KIFAdditions.m in Sources */ = {isa = PBXBuildFile; fileRef = C8667B9B19187873003D44CF /* UITouch-KIFAdditions.m */; };
		C8667BA719187873003D44CF /* UIView-KIFAdditions.m in Sources */ = {isa = PBXBuildFile; fileRef = C8667B9D19187873003D44CF /* UIView-KIFAdditions.m */; };
		C8667BA819187873003D44CF /* UIWindow-KIFAdditions.m in Sources */ = {isa = PBXBuildFile; fileRef = C8667B9F19187873003D44CF /* UIWindow-KIFAdditions.m */; };
		C8667BB01919C05C003D44CF /* KIFTypist.m in Sources */ = {isa = PBXBuildFile; fileRef = C8667BAF1919C05C003D44CF /* KIFTypist.m */; };
		C886B795191A11D300D00B5D /* ActionProtocol.m in Sources */ = {isa = PBXBuildFile; fileRef = C886B790191A11D200D00B5D /* ActionProtocol.m */; };
		C886B796191A11D300D00B5D /* BlockDelayUtil.m in Sources */ = {isa = PBXBuildFile; fileRef = C886B792191A11D200D00B5D /* BlockDelayUtil.m */; };
		C886B797191A11D300D00B5D /* TypeSwapUtil.m in Sources */ = {isa = PBXBuildFile; fileRef = C886B794191A11D300D00B5D /* TypeSwapUtil.m */; };
		C886B7A4191A11E100D00B5D /* BaseCommand.m in Sources */ = {isa = PBXBuildFile; fileRef = C886B799191A11E100D00B5D /* BaseCommand.m */; };
		C886B7A5191A11E100D00B5D /* CommandClick.m in Sources */ = {isa = PBXBuildFile; fileRef = C886B79B191A11E100D00B5D /* CommandClick.m */; };
		C886B7A6191A11E100D00B5D /* CommandDeviceInfo.m in Sources */ = {isa = PBXBuildFile; fileRef = C886B79D191A11E100D00B5D /* CommandDeviceInfo.m */; };
		C886B7A7191A11E100D00B5D /* CommandFind.m in Sources */ = {isa = PBXBuildFile; fileRef = C886B79F191A11E100D00B5D /* CommandFind.m */; };
		C886B7A8191A11E100D00B5D /* CommandKey.m in Sources */ = {isa = PBXBuildFile; fileRef = C886B7A1191A11E100D00B5D /* CommandKey.m */; };
		C886B7A9191A11E100D00B5D /* CommandScreenShot.m in Sources */ = {isa = PBXBuildFile; fileRef = C886B7A3191A11E100D00B5D /* CommandScreenShot.m */; };
		C886B7AC191A123300D00B5D /* AutoDirver.m in Sources */ = {isa = PBXBuildFile; fileRef = C886B7AB191A123300D00B5D /* AutoDirver.m */; };
		C88BB0DA191A47E000D83F99 /* KIFSystemTestActor.m in Sources */ = {isa = PBXBuildFile; fileRef = C88BB0CF191A47E000D83F99 /* KIFSystemTestActor.m */; };
		C88BB0DB191A47E000D83F99 /* KIFTestActor.m in Sources */ = {isa = PBXBuildFile; fileRef = C88BB0D1191A47E000D83F99 /* KIFTestActor.m */; };
		C88BB0DF191A47E000D83F99 /* KIFUITestActor.m in Sources */ = {isa = PBXBuildFile; fileRef = C88BB0D9191A47E000D83F99 /* KIFUITestActor.m */; };
		C8B7DC5219109A500093FEDC /* Foundation.framework in Frameworks */ = {isa = PBXBuildFile; fileRef = C8B7DC5119109A500093FEDC /* Foundation.framework */; };
		C8B7DC5419109A500093FEDC /* CoreGraphics.framework in Frameworks */ = {isa = PBXBuildFile; fileRef = C8B7DC5319109A500093FEDC /* CoreGraphics.framework */; };
		C8B7DC5619109A500093FEDC /* UIKit.framework in Frameworks */ = {isa = PBXBuildFile; fileRef = C8B7DC5519109A500093FEDC /* UIKit.framework */; };
		C8B7DC5C19109A510093FEDC /* InfoPlist.strings in Resources */ = {isa = PBXBuildFile; fileRef = C8B7DC5A19109A510093FEDC /* InfoPlist.strings */; };
		C8B7DC5E19109A510093FEDC /* main.m in Sources */ = {isa = PBXBuildFile; fileRef = C8B7DC5D19109A510093FEDC /* main.m */; };
		C8B7DC6219109A510093FEDC /* AppDelegate.m in Sources */ = {isa = PBXBuildFile; fileRef = C8B7DC6119109A510093FEDC /* AppDelegate.m */; };
		C8B7DC6B19109A510093FEDC /* ViewController.m in Sources */ = {isa = PBXBuildFile; fileRef = C8B7DC6A19109A510093FEDC /* ViewController.m */; };
		C8B7DC6D19109A510093FEDC /* Images.xcassets in Resources */ = {isa = PBXBuildFile; fileRef = C8B7DC6C19109A510093FEDC /* Images.xcassets */; };
		C8B7DC7419109A510093FEDC /* XCTest.framework in Frameworks */ = {isa = PBXBuildFile; fileRef = C8B7DC7319109A510093FEDC /* XCTest.framework */; };
		C8B7DC7519109A510093FEDC /* Foundation.framework in Frameworks */ = {isa = PBXBuildFile; fileRef = C8B7DC5119109A500093FEDC /* Foundation.framework */; };
		C8B7DC7619109A510093FEDC /* UIKit.framework in Frameworks */ = {isa = PBXBuildFile; fileRef = C8B7DC5519109A500093FEDC /* UIKit.framework */; };
		C8B7DC7E19109A510093FEDC /* InfoPlist.strings in Resources */ = {isa = PBXBuildFile; fileRef = C8B7DC7C19109A510093FEDC /* InfoPlist.strings */; };
		C8B7DC8019109A510093FEDC /* SocketConnectTests.m in Sources */ = {isa = PBXBuildFile; fileRef = C8B7DC7F19109A510093FEDC /* SocketConnectTests.m */; };
		C8B7DC8F1910A9430093FEDC /* SocketViewController.m in Sources */ = {isa = PBXBuildFile; fileRef = C8B7DC8E1910A9430093FEDC /* SocketViewController.m */; };
		C8B7DC941910AB8F0093FEDC /* SocketViewController.xib in Resources */ = {isa = PBXBuildFile; fileRef = C8B7DC931910AB8F0093FEDC /* SocketViewController.xib */; };
		C8B7DC971910BE410093FEDC /* Main_iPad.storyboard in Resources */ = {isa = PBXBuildFile; fileRef = C8B7DC951910BE410093FEDC /* Main_iPad.storyboard */; };
		C8B7DC981910BE410093FEDC /* Main_iPhone.storyboard in Resources */ = {isa = PBXBuildFile; fileRef = C8B7DC961910BE410093FEDC /* Main_iPhone.storyboard */; };
/* End PBXBuildFile section */

/* Begin PBXContainerItemProxy section */
		C8B7DC7719109A510093FEDC /* PBXContainerItemProxy */ = {
			isa = PBXContainerItemProxy;
			containerPortal = C8B7DC4619109A500093FEDC /* Project object */;
			proxyType = 1;
			remoteGlobalIDString = C8B7DC4D19109A500093FEDC;
			remoteInfo = SocketConnect;
		};
/* End PBXContainerItemProxy section */

/* Begin PBXFileReference section */
		1AAE17191912809D00827139 /* QuartzCore.framework */ = {isa = PBXFileReference; lastKnownFileType = wrapper.framework; name = QuartzCore.framework; path = System/Library/Frameworks/QuartzCore.framework; sourceTree = SDKROOT; };
		C8667B5D191877D0003D44CF /* HVBase64StaticFile.h */ = {isa = PBXFileReference; fileEncoding = 4; lastKnownFileType = sourcecode.c.h; path = HVBase64StaticFile.h; sourceTree = "<group>"; };
		C8667B5E191877D0003D44CF /* HVBase64StaticFile.m */ = {isa = PBXFileReference; fileEncoding = 4; lastKnownFileType = sourcecode.c.objc; path = HVBase64StaticFile.m; sourceTree = "<group>"; };
		C8667B5F191877D0003D44CF /* HVCoreDataHandler.h */ = {isa = PBXFileReference; fileEncoding = 4; lastKnownFileType = sourcecode.c.h; path = HVCoreDataHandler.h; sourceTree = "<group>"; };
		C8667B60191877D0003D44CF /* HVCoreDataHandler.m */ = {isa = PBXFileReference; fileEncoding = 4; lastKnownFileType = sourcecode.c.objc; path = HVCoreDataHandler.m; sourceTree = "<group>"; };
		C8667B61191877D0003D44CF /* HVHierarchyHandler.h */ = {isa = PBXFileReference; fileEncoding = 4; lastKnownFileType = sourcecode.c.h; path = HVHierarchyHandler.h; sourceTree = "<group>"; };
		C8667B62191877D0003D44CF /* HVHierarchyHandler.m */ = {isa = PBXFileReference; fileEncoding = 4; lastKnownFileType = sourcecode.c.objc; path = HVHierarchyHandler.m; sourceTree = "<group>"; };
		C8667B63191877D0003D44CF /* HVPreviewHandler.h */ = {isa = PBXFileReference; fileEncoding = 4; lastKnownFileType = sourcecode.c.h; path = HVPreviewHandler.h; sourceTree = "<group>"; };
		C8667B64191877D0003D44CF /* HVPreviewHandler.m */ = {isa = PBXFileReference; fileEncoding = 4; lastKnownFileType = sourcecode.c.objc; path = HVPreviewHandler.m; sourceTree = "<group>"; };
		C8667B65191877D0003D44CF /* HVPropertyEditorHandler.h */ = {isa = PBXFileReference; fileEncoding = 4; lastKnownFileType = sourcecode.c.h; path = HVPropertyEditorHandler.h; sourceTree = "<group>"; };
		C8667B66191877D0003D44CF /* HVPropertyEditorHandler.m */ = {isa = PBXFileReference; fileEncoding = 4; lastKnownFileType = sourcecode.c.objc; path = HVPropertyEditorHandler.m; sourceTree = "<group>"; };
		C8667B67191877D0003D44CF /* HVStaticFileHandler.h */ = {isa = PBXFileReference; fileEncoding = 4; lastKnownFileType = sourcecode.c.h; path = HVStaticFileHandler.h; sourceTree = "<group>"; };
		C8667B68191877D0003D44CF /* HVStaticFileHandler.m */ = {isa = PBXFileReference; fileEncoding = 4; lastKnownFileType = sourcecode.c.objc; path = HVStaticFileHandler.m; sourceTree = "<group>"; };
		C8667B69191877D0003D44CF /* HVBaseRequestHandler.h */ = {isa = PBXFileReference; fileEncoding = 4; lastKnownFileType = sourcecode.c.h; path = HVBaseRequestHandler.h; sourceTree = "<group>"; };
		C8667B6A191877D0003D44CF /* HVBaseRequestHandler.m */ = {isa = PBXFileReference; fileEncoding = 4; lastKnownFileType = sourcecode.c.objc; path = HVBaseRequestHandler.m; sourceTree = "<group>"; };
		C8667B6B191877D0003D44CF /* HVHTTPServer.h */ = {isa = PBXFileReference; fileEncoding = 4; lastKnownFileType = sourcecode.c.h; path = HVHTTPServer.h; sourceTree = "<group>"; };
		C8667B6C191877D0003D44CF /* HVHTTPServer.m */ = {isa = PBXFileReference; fileEncoding = 4; lastKnownFileType = sourcecode.c.objc; path = HVHTTPServer.m; sourceTree = "<group>"; };
		C8667B6D191877D0003D44CF /* HVDefines.h */ = {isa = PBXFileReference; fileEncoding = 4; lastKnownFileType = sourcecode.c.h; name = HVDefines.h; path = iOSViewHierarchy/HVDefines.h; sourceTree = "<group>"; };
		C8667B6E191877D0003D44CF /* HVHierarchyScanner.h */ = {isa = PBXFileReference; fileEncoding = 4; lastKnownFileType = sourcecode.c.h; name = HVHierarchyScanner.h; path = iOSViewHierarchy/HVHierarchyScanner.h; sourceTree = "<group>"; };
		C8667B6F191877D0003D44CF /* HVHierarchyScanner.m */ = {isa = PBXFileReference; fileEncoding = 4; lastKnownFileType = sourcecode.c.objc; name = HVHierarchyScanner.m; path = iOSViewHierarchy/HVHierarchyScanner.m; sourceTree = "<group>"; };
		C8667B70191877D0003D44CF /* iOSHierarchyViewer-Prefix.pch */ = {isa = PBXFileReference; fileEncoding = 4; lastKnownFileType = sourcecode.c.h; name = "iOSHierarchyViewer-Prefix.pch"; path = "iOSViewHierarchy/iOSHierarchyViewer-Prefix.pch"; sourceTree = "<group>"; };
		C8667B71191877D0003D44CF /* iOSHierarchyViewer.h */ = {isa = PBXFileReference; fileEncoding = 4; lastKnownFileType = sourcecode.c.h; name = iOSHierarchyViewer.h; path = iOSViewHierarchy/iOSHierarchyViewer.h; sourceTree = "<group>"; };
		C8667B72191877D0003D44CF /* iOSHierarchyViewer.m */ = {isa = PBXFileReference; fileEncoding = 4; lastKnownFileType = sourcecode.c.objc; name = iOSHierarchyViewer.m; path = iOSViewHierarchy/iOSHierarchyViewer.m; sourceTree = "<group>"; };
		C8667B74191877D0003D44CF /* index_core.html */ = {isa = PBXFileReference; fileEncoding = 4; lastKnownFileType = text.html; path = index_core.html; sourceTree = "<group>"; };
		C8667B75191877D0003D44CF /* index_ui.html */ = {isa = PBXFileReference; fileEncoding = 4; lastKnownFileType = text.html; path = index_ui.html; sourceTree = "<group>"; };
		C8667B76191877D0003D44CF /* jquery.js */ = {isa = PBXFileReference; fileEncoding = 4; lastKnownFileType = sourcecode.javascript; path = jquery.js; sourceTree = "<group>"; };
		C8667B77191877D0003D44CF /* navbar.js */ = {isa = PBXFileReference; fileEncoding = 4; lastKnownFileType = sourcecode.javascript; path = navbar.js; sourceTree = "<group>"; };
		C8667B78191877D0003D44CF /* style.css */ = {isa = PBXFileReference; fileEncoding = 4; lastKnownFileType = text.css; path = style.css; sourceTree = "<group>"; };
		C8667B79191877D0003D44CF /* webapp_index_core.h */ = {isa = PBXFileReference; fileEncoding = 4; lastKnownFileType = sourcecode.c.h; path = webapp_index_core.h; sourceTree = "<group>"; };
		C8667B7A191877D0003D44CF /* webapp_index_ui.h */ = {isa = PBXFileReference; fileEncoding = 4; lastKnownFileType = sourcecode.c.h; path = webapp_index_ui.h; sourceTree = "<group>"; };
		C8667B7B191877D0003D44CF /* webapp_jquery.h */ = {isa = PBXFileReference; fileEncoding = 4; lastKnownFileType = sourcecode.c.h; path = webapp_jquery.h; sourceTree = "<group>"; };
		C8667B7C191877D0003D44CF /* webapp_navbar.h */ = {isa = PBXFileReference; fileEncoding = 4; lastKnownFileType = sourcecode.c.h; path = webapp_navbar.h; sourceTree = "<group>"; };
		C8667B7D191877D0003D44CF /* webapp_style.h */ = {isa = PBXFileReference; fileEncoding = 4; lastKnownFileType = sourcecode.c.h; path = webapp_style.h; sourceTree = "<group>"; };
		C8667B8E19187873003D44CF /* CGGeometry-KIFAdditions.h */ = {isa = PBXFileReference; fileEncoding = 4; lastKnownFileType = sourcecode.c.h; path = "CGGeometry-KIFAdditions.h"; sourceTree = "<group>"; };
		C8667B8F19187873003D44CF /* CGGeometry-KIFAdditions.m */ = {isa = PBXFileReference; fileEncoding = 4; lastKnownFileType = sourcecode.c.objc; path = "CGGeometry-KIFAdditions.m"; sourceTree = "<group>"; };
		C8667B9019187873003D44CF /* NSFileManager-KIFAdditions.h */ = {isa = PBXFileReference; fileEncoding = 4; lastKnownFileType = sourcecode.c.h; path = "NSFileManager-KIFAdditions.h"; sourceTree = "<group>"; };
		C8667B9119187873003D44CF /* NSFileManager-KIFAdditions.m */ = {isa = PBXFileReference; fileEncoding = 4; lastKnownFileType = sourcecode.c.objc; path = "NSFileManager-KIFAdditions.m"; sourceTree = "<group>"; };
		C8667B9219187873003D44CF /* UIAccessibilityElement-KIFAdditions.h */ = {isa = PBXFileReference; fileEncoding = 4; lastKnownFileType = sourcecode.c.h; path = "UIAccessibilityElement-KIFAdditions.h"; sourceTree = "<group>"; };
		C8667B9319187873003D44CF /* UIAccessibilityElement-KIFAdditions.m */ = {isa = PBXFileReference; fileEncoding = 4; lastKnownFileType = sourcecode.c.objc; path = "UIAccessibilityElement-KIFAdditions.m"; sourceTree = "<group>"; };
		C8667B9419187873003D44CF /* UIApplication-KIFAdditions.h */ = {isa = PBXFileReference; fileEncoding = 4; lastKnownFileType = sourcecode.c.h; path = "UIApplication-KIFAdditions.h"; sourceTree = "<group>"; };
		C8667B9519187873003D44CF /* UIApplication-KIFAdditions.m */ = {isa = PBXFileReference; fileEncoding = 4; lastKnownFileType = sourcecode.c.objc; path = "UIApplication-KIFAdditions.m"; sourceTree = "<group>"; };
		C8667B9619187873003D44CF /* UIScrollView-KIFAdditions.h */ = {isa = PBXFileReference; fileEncoding = 4; lastKnownFileType = sourcecode.c.h; path = "UIScrollView-KIFAdditions.h"; sourceTree = "<group>"; };
		C8667B9719187873003D44CF /* UIScrollView-KIFAdditions.m */ = {isa = PBXFileReference; fileEncoding = 4; lastKnownFileType = sourcecode.c.objc; path = "UIScrollView-KIFAdditions.m"; sourceTree = "<group>"; };
		C8667B9819187873003D44CF /* UITableView-KIFAdditions.h */ = {isa = PBXFileReference; fileEncoding = 4; lastKnownFileType = sourcecode.c.h; path = "UITableView-KIFAdditions.h"; sourceTree = "<group>"; };
		C8667B9919187873003D44CF /* UITableView-KIFAdditions.m */ = {isa = PBXFileReference; fileEncoding = 4; lastKnownFileType = sourcecode.c.objc; path = "UITableView-KIFAdditions.m"; sourceTree = "<group>"; };
		C8667B9A19187873003D44CF /* UITouch-KIFAdditions.h */ = {isa = PBXFileReference; fileEncoding = 4; lastKnownFileType = sourcecode.c.h; path = "UITouch-KIFAdditions.h"; sourceTree = "<group>"; };
		C8667B9B19187873003D44CF /* UITouch-KIFAdditions.m */ = {isa = PBXFileReference; fileEncoding = 4; lastKnownFileType = sourcecode.c.objc; path = "UITouch-KIFAdditions.m"; sourceTree = "<group>"; };
		C8667B9C19187873003D44CF /* UIView-KIFAdditions.h */ = {isa = PBXFileReference; fileEncoding = 4; lastKnownFileType = sourcecode.c.h; path = "UIView-KIFAdditions.h"; sourceTree = "<group>"; };
		C8667B9D19187873003D44CF /* UIView-KIFAdditions.m */ = {isa = PBXFileReference; fileEncoding = 4; lastKnownFileType = sourcecode.c.objc; path = "UIView-KIFAdditions.m"; sourceTree = "<group>"; };
		C8667B9E19187873003D44CF /* UIWindow-KIFAdditions.h */ = {isa = PBXFileReference; fileEncoding = 4; lastKnownFileType = sourcecode.c.h; path = "UIWindow-KIFAdditions.h"; sourceTree = "<group>"; };
		C8667B9F19187873003D44CF /* UIWindow-KIFAdditions.m */ = {isa = PBXFileReference; fileEncoding = 4; lastKnownFileType = sourcecode.c.objc; path = "UIWindow-KIFAdditions.m"; sourceTree = "<group>"; };
		C8667BA919187F34003D44CF /* LoadableCategory.h */ = {isa = PBXFileReference; fileEncoding = 4; lastKnownFileType = sourcecode.c.h; path = LoadableCategory.h; sourceTree = "<group>"; };
		C8667BAE1919C05C003D44CF /* KIFTypist.h */ = {isa = PBXFileReference; fileEncoding = 4; lastKnownFileType = sourcecode.c.h; path = KIFTypist.h; sourceTree = "<group>"; };
		C8667BAF1919C05C003D44CF /* KIFTypist.m */ = {isa = PBXFileReference; fileEncoding = 4; lastKnownFileType = sourcecode.c.objc; path = KIFTypist.m; sourceTree = "<group>"; };
		C886B78F191A11D200D00B5D /* ActionProtocol.h */ = {isa = PBXFileReference; fileEncoding = 4; lastKnownFileType = sourcecode.c.h; name = ActionProtocol.h; path = util/ActionProtocol.h; sourceTree = "<group>"; };
		C886B790191A11D200D00B5D /* ActionProtocol.m */ = {isa = PBXFileReference; fileEncoding = 4; lastKnownFileType = sourcecode.c.objc; name = ActionProtocol.m; path = util/ActionProtocol.m; sourceTree = "<group>"; };
		C886B791191A11D200D00B5D /* BlockDelayUtil.h */ = {isa = PBXFileReference; fileEncoding = 4; lastKnownFileType = sourcecode.c.h; name = BlockDelayUtil.h; path = util/BlockDelayUtil.h; sourceTree = "<group>"; };
		C886B792191A11D200D00B5D /* BlockDelayUtil.m */ = {isa = PBXFileReference; fileEncoding = 4; lastKnownFileType = sourcecode.c.objc; name = BlockDelayUtil.m; path = util/BlockDelayUtil.m; sourceTree = "<group>"; };
		C886B793191A11D200D00B5D /* TypeSwapUtil.h */ = {isa = PBXFileReference; fileEncoding = 4; lastKnownFileType = sourcecode.c.h; name = TypeSwapUtil.h; path = util/TypeSwapUtil.h; sourceTree = "<group>"; };
		C886B794191A11D300D00B5D /* TypeSwapUtil.m */ = {isa = PBXFileReference; fileEncoding = 4; lastKnownFileType = sourcecode.c.objc; name = TypeSwapUtil.m; path = util/TypeSwapUtil.m; sourceTree = "<group>"; };
		C886B798191A11E100D00B5D /* BaseCommand.h */ = {isa = PBXFileReference; fileEncoding = 4; lastKnownFileType = sourcecode.c.h; name = BaseCommand.h; path = command/BaseCommand.h; sourceTree = "<group>"; };
		C886B799191A11E100D00B5D /* BaseCommand.m */ = {isa = PBXFileReference; fileEncoding = 4; lastKnownFileType = sourcecode.c.objc; name = BaseCommand.m; path = command/BaseCommand.m; sourceTree = "<group>"; };
		C886B79A191A11E100D00B5D /* CommandClick.h */ = {isa = PBXFileReference; fileEncoding = 4; lastKnownFileType = sourcecode.c.h; name = CommandClick.h; path = command/CommandClick.h; sourceTree = "<group>"; };
		C886B79B191A11E100D00B5D /* CommandClick.m */ = {isa = PBXFileReference; fileEncoding = 4; lastKnownFileType = sourcecode.c.objc; name = CommandClick.m; path = command/CommandClick.m; sourceTree = "<group>"; };
		C886B79C191A11E100D00B5D /* CommandDeviceInfo.h */ = {isa = PBXFileReference; fileEncoding = 4; lastKnownFileType = sourcecode.c.h; name = CommandDeviceInfo.h; path = command/CommandDeviceInfo.h; sourceTree = "<group>"; };
		C886B79D191A11E100D00B5D /* CommandDeviceInfo.m */ = {isa = PBXFileReference; fileEncoding = 4; lastKnownFileType = sourcecode.c.objc; name = CommandDeviceInfo.m; path = command/CommandDeviceInfo.m; sourceTree = "<group>"; };
		C886B79E191A11E100D00B5D /* CommandFind.h */ = {isa = PBXFileReference; fileEncoding = 4; lastKnownFileType = sourcecode.c.h; name = CommandFind.h; path = command/CommandFind.h; sourceTree = "<group>"; };
		C886B79F191A11E100D00B5D /* CommandFind.m */ = {isa = PBXFileReference; fileEncoding = 4; lastKnownFileType = sourcecode.c.objc; name = CommandFind.m; path = command/CommandFind.m; sourceTree = "<group>"; };
		C886B7A0191A11E100D00B5D /* CommandKey.h */ = {isa = PBXFileReference; fileEncoding = 4; lastKnownFileType = sourcecode.c.h; name = CommandKey.h; path = command/CommandKey.h; sourceTree = "<group>"; };
		C886B7A1191A11E100D00B5D /* CommandKey.m */ = {isa = PBXFileReference; fileEncoding = 4; lastKnownFileType = sourcecode.c.objc; name = CommandKey.m; path = command/CommandKey.m; sourceTree = "<group>"; };
		C886B7A2191A11E100D00B5D /* CommandScreenShot.h */ = {isa = PBXFileReference; fileEncoding = 4; lastKnownFileType = sourcecode.c.h; name = CommandScreenShot.h; path = command/CommandScreenShot.h; sourceTree = "<group>"; };
		C886B7A3191A11E100D00B5D /* CommandScreenShot.m */ = {isa = PBXFileReference; fileEncoding = 4; lastKnownFileType = sourcecode.c.objc; name = CommandScreenShot.m; path = command/CommandScreenShot.m; sourceTree = "<group>"; };
		C886B7AA191A123300D00B5D /* AutoDirver.h */ = {isa = PBXFileReference; fileEncoding = 4; lastKnownFileType = sourcecode.c.h; path = AutoDirver.h; sourceTree = "<group>"; };
		C886B7AB191A123300D00B5D /* AutoDirver.m */ = {isa = PBXFileReference; fileEncoding = 4; lastKnownFileType = sourcecode.c.objc; path = AutoDirver.m; sourceTree = "<group>"; };
		C88BB0CB191A47E000D83F99 /* KIF-Prefix.pch */ = {isa = PBXFileReference; fileEncoding = 4; lastKnownFileType = sourcecode.c.h; path = "KIF-Prefix.pch"; sourceTree = "<group>"; };
		C88BB0CC191A47E000D83F99 /* KIF-XCTestPrefix.pch */ = {isa = PBXFileReference; fileEncoding = 4; lastKnownFileType = sourcecode.c.h; path = "KIF-XCTestPrefix.pch"; sourceTree = "<group>"; };
		C88BB0CD191A47E000D83F99 /* KIF.h */ = {isa = PBXFileReference; fileEncoding = 4; lastKnownFileType = sourcecode.c.h; path = KIF.h; sourceTree = "<group>"; };
		C88BB0CE191A47E000D83F99 /* KIFSystemTestActor.h */ = {isa = PBXFileReference; fileEncoding = 4; lastKnownFileType = sourcecode.c.h; path = KIFSystemTestActor.h; sourceTree = "<group>"; };
		C88BB0CF191A47E000D83F99 /* KIFSystemTestActor.m */ = {isa = PBXFileReference; fileEncoding = 4; lastKnownFileType = sourcecode.c.objc; path = KIFSystemTestActor.m; sourceTree = "<group>"; };
		C88BB0D0191A47E000D83F99 /* KIFTestActor.h */ = {isa = PBXFileReference; fileEncoding = 4; lastKnownFileType = sourcecode.c.h; path = KIFTestActor.h; sourceTree = "<group>"; };
		C88BB0D1191A47E000D83F99 /* KIFTestActor.m */ = {isa = PBXFileReference; fileEncoding = 4; lastKnownFileType = sourcecode.c.objc; path = KIFTestActor.m; sourceTree = "<group>"; };
		C88BB0D8191A47E000D83F99 /* KIFUITestActor.h */ = {isa = PBXFileReference; fileEncoding = 4; lastKnownFileType = sourcecode.c.h; path = KIFUITestActor.h; sourceTree = "<group>"; };
		C88BB0D9191A47E000D83F99 /* KIFUITestActor.m */ = {isa = PBXFileReference; fileEncoding = 4; lastKnownFileType = sourcecode.c.objc; path = KIFUITestActor.m; sourceTree = "<group>"; };
		C8B7DC4E19109A500093FEDC /* SocketConnect.app */ = {isa = PBXFileReference; explicitFileType = wrapper.application; includeInIndex = 0; path = SocketConnect.app; sourceTree = BUILT_PRODUCTS_DIR; };
		C8B7DC5119109A500093FEDC /* Foundation.framework */ = {isa = PBXFileReference; lastKnownFileType = wrapper.framework; name = Foundation.framework; path = System/Library/Frameworks/Foundation.framework; sourceTree = SDKROOT; };
		C8B7DC5319109A500093FEDC /* CoreGraphics.framework */ = {isa = PBXFileReference; lastKnownFileType = wrapper.framework; name = CoreGraphics.framework; path = System/Library/Frameworks/CoreGraphics.framework; sourceTree = SDKROOT; };
		C8B7DC5519109A500093FEDC /* UIKit.framework */ = {isa = PBXFileReference; lastKnownFileType = wrapper.framework; name = UIKit.framework; path = System/Library/Frameworks/UIKit.framework; sourceTree = SDKROOT; };
		C8B7DC5919109A500093FEDC /* SocketConnect-Info.plist */ = {isa = PBXFileReference; lastKnownFileType = text.plist.xml; path = "SocketConnect-Info.plist"; sourceTree = "<group>"; };
		C8B7DC5B19109A510093FEDC /* en */ = {isa = PBXFileReference; lastKnownFileType = text.plist.strings; name = en; path = en.lproj/InfoPlist.strings; sourceTree = "<group>"; };
		C8B7DC5D19109A510093FEDC /* main.m */ = {isa = PBXFileReference; lastKnownFileType = sourcecode.c.objc; path = main.m; sourceTree = "<group>"; };
		C8B7DC5F19109A510093FEDC /* SocketConnect-Prefix.pch */ = {isa = PBXFileReference; lastKnownFileType = sourcecode.c.h; path = "SocketConnect-Prefix.pch"; sourceTree = "<group>"; };
		C8B7DC6019109A510093FEDC /* AppDelegate.h */ = {isa = PBXFileReference; lastKnownFileType = sourcecode.c.h; path = AppDelegate.h; sourceTree = "<group>"; };
		C8B7DC6119109A510093FEDC /* AppDelegate.m */ = {isa = PBXFileReference; lastKnownFileType = sourcecode.c.objc; path = AppDelegate.m; sourceTree = "<group>"; };
		C8B7DC6919109A510093FEDC /* ViewController.h */ = {isa = PBXFileReference; lastKnownFileType = sourcecode.c.h; path = ViewController.h; sourceTree = "<group>"; };
		C8B7DC6A19109A510093FEDC /* ViewController.m */ = {isa = PBXFileReference; lastKnownFileType = sourcecode.c.objc; path = ViewController.m; sourceTree = "<group>"; };
		C8B7DC6C19109A510093FEDC /* Images.xcassets */ = {isa = PBXFileReference; lastKnownFileType = folder.assetcatalog; path = Images.xcassets; sourceTree = "<group>"; };
		C8B7DC7219109A510093FEDC /* SocketConnectTests.xctest */ = {isa = PBXFileReference; explicitFileType = wrapper.cfbundle; includeInIndex = 0; path = SocketConnectTests.xctest; sourceTree = BUILT_PRODUCTS_DIR; };
		C8B7DC7319109A510093FEDC /* XCTest.framework */ = {isa = PBXFileReference; lastKnownFileType = wrapper.framework; name = XCTest.framework; path = Library/Frameworks/XCTest.framework; sourceTree = DEVELOPER_DIR; };
		C8B7DC7B19109A510093FEDC /* SocketConnectTests-Info.plist */ = {isa = PBXFileReference; lastKnownFileType = text.plist.xml; path = "SocketConnectTests-Info.plist"; sourceTree = "<group>"; };
		C8B7DC7D19109A510093FEDC /* en */ = {isa = PBXFileReference; lastKnownFileType = text.plist.strings; name = en; path = en.lproj/InfoPlist.strings; sourceTree = "<group>"; };
		C8B7DC7F19109A510093FEDC /* SocketConnectTests.m */ = {isa = PBXFileReference; lastKnownFileType = sourcecode.c.objc; path = SocketConnectTests.m; sourceTree = "<group>"; };
		C8B7DC8D1910A9430093FEDC /* SocketViewController.h */ = {isa = PBXFileReference; fileEncoding = 4; lastKnownFileType = sourcecode.c.h; path = SocketViewController.h; sourceTree = "<group>"; };
		C8B7DC8E1910A9430093FEDC /* SocketViewController.m */ = {isa = PBXFileReference; fileEncoding = 4; lastKnownFileType = sourcecode.c.objc; path = SocketViewController.m; sourceTree = "<group>"; };
		C8B7DC931910AB8F0093FEDC /* SocketViewController.xib */ = {isa = PBXFileReference; fileEncoding = 4; lastKnownFileType = file.xib; path = SocketViewController.xib; sourceTree = "<group>"; };
		C8B7DC951910BE410093FEDC /* Main_iPad.storyboard */ = {isa = PBXFileReference; fileEncoding = 4; lastKnownFileType = file.storyboard; path = Main_iPad.storyboard; sourceTree = "<group>"; };
		C8B7DC961910BE410093FEDC /* Main_iPhone.storyboard */ = {isa = PBXFileReference; fileEncoding = 4; lastKnownFileType = file.storyboard; path = Main_iPhone.storyboard; sourceTree = "<group>"; };
/* End PBXFileReference section */

/* Begin PBXFrameworksBuildPhase section */
		C8B7DC4B19109A500093FEDC /* Frameworks */ = {
			isa = PBXFrameworksBuildPhase;
			buildActionMask = 2147483647;
			files = (
				1AAE171A1912809D00827139 /* QuartzCore.framework in Frameworks */,
				C8B7DC5419109A500093FEDC /* CoreGraphics.framework in Frameworks */,
				C8B7DC5619109A500093FEDC /* UIKit.framework in Frameworks */,
				C8B7DC5219109A500093FEDC /* Foundation.framework in Frameworks */,
			);
			runOnlyForDeploymentPostprocessing = 0;
		};
		C8B7DC6F19109A510093FEDC /* Frameworks */ = {
			isa = PBXFrameworksBuildPhase;
			buildActionMask = 2147483647;
			files = (
				C8B7DC7419109A510093FEDC /* XCTest.framework in Frameworks */,
				C8B7DC7619109A510093FEDC /* UIKit.framework in Frameworks */,
				C8B7DC7519109A510093FEDC /* Foundation.framework in Frameworks */,
			);
			runOnlyForDeploymentPostprocessing = 0;
		};
/* End PBXFrameworksBuildPhase section */

/* Begin PBXGroup section */
		C8667B5B191877D0003D44CF /* http */ = {
			isa = PBXGroup;
			children = (
				C8667B5C191877D0003D44CF /* api */,
				C8667B69191877D0003D44CF /* HVBaseRequestHandler.h */,
				C8667B6A191877D0003D44CF /* HVBaseRequestHandler.m */,
				C8667B6B191877D0003D44CF /* HVHTTPServer.h */,
				C8667B6C191877D0003D44CF /* HVHTTPServer.m */,
			);
			name = http;
			path = iOSViewHierarchy/http;
			sourceTree = "<group>";
		};
		C8667B5C191877D0003D44CF /* api */ = {
			isa = PBXGroup;
			children = (
				C8667B5D191877D0003D44CF /* HVBase64StaticFile.h */,
				C8667B5E191877D0003D44CF /* HVBase64StaticFile.m */,
				C8667B5F191877D0003D44CF /* HVCoreDataHandler.h */,
				C8667B60191877D0003D44CF /* HVCoreDataHandler.m */,
				C8667B61191877D0003D44CF /* HVHierarchyHandler.h */,
				C8667B62191877D0003D44CF /* HVHierarchyHandler.m */,
				C8667B63191877D0003D44CF /* HVPreviewHandler.h */,
				C8667B64191877D0003D44CF /* HVPreviewHandler.m */,
				C8667B65191877D0003D44CF /* HVPropertyEditorHandler.h */,
				C8667B66191877D0003D44CF /* HVPropertyEditorHandler.m */,
				C8667B67191877D0003D44CF /* HVStaticFileHandler.h */,
				C8667B68191877D0003D44CF /* HVStaticFileHandler.m */,
			);
			path = api;
			sourceTree = "<group>";
		};
		C8667B73191877D0003D44CF /* webapp */ = {
			isa = PBXGroup;
			children = (
				C8667B74191877D0003D44CF /* index_core.html */,
				C8667B75191877D0003D44CF /* index_ui.html */,
				C8667B76191877D0003D44CF /* jquery.js */,
				C8667B77191877D0003D44CF /* navbar.js */,
				C8667B78191877D0003D44CF /* style.css */,
				C8667B79191877D0003D44CF /* webapp_index_core.h */,
				C8667B7A191877D0003D44CF /* webapp_index_ui.h */,
				C8667B7B191877D0003D44CF /* webapp_jquery.h */,
				C8667B7C191877D0003D44CF /* webapp_navbar.h */,
				C8667B7D191877D0003D44CF /* webapp_style.h */,
			);
			name = webapp;
			path = iOSViewHierarchy/webapp;
			sourceTree = "<group>";
		};
		C8667B8D19187873003D44CF /* Addition */ = {
			isa = PBXGroup;
			children = (
				C8667BAE1919C05C003D44CF /* KIFTypist.h */,
				C8667BAF1919C05C003D44CF /* KIFTypist.m */,
				C8667BA919187F34003D44CF /* LoadableCategory.h */,
				C8667B8E19187873003D44CF /* CGGeometry-KIFAdditions.h */,
				C8667B8F19187873003D44CF /* CGGeometry-KIFAdditions.m */,
				C8667B9019187873003D44CF /* NSFileManager-KIFAdditions.h */,
				C8667B9119187873003D44CF /* NSFileManager-KIFAdditions.m */,
				C8667B9219187873003D44CF /* UIAccessibilityElement-KIFAdditions.h */,
				C8667B9319187873003D44CF /* UIAccessibilityElement-KIFAdditions.m */,
				C8667B9419187873003D44CF /* UIApplication-KIFAdditions.h */,
				C8667B9519187873003D44CF /* UIApplication-KIFAdditions.m */,
				C8667B9619187873003D44CF /* UIScrollView-KIFAdditions.h */,
				C8667B9719187873003D44CF /* UIScrollView-KIFAdditions.m */,
				C8667B9819187873003D44CF /* UITableView-KIFAdditions.h */,
				C8667B9919187873003D44CF /* UITableView-KIFAdditions.m */,
				C8667B9A19187873003D44CF /* UITouch-KIFAdditions.h */,
				C8667B9B19187873003D44CF /* UITouch-KIFAdditions.m */,
				C8667B9C19187873003D44CF /* UIView-KIFAdditions.h */,
				C8667B9D19187873003D44CF /* UIView-KIFAdditions.m */,
				C8667B9E19187873003D44CF /* UIWindow-KIFAdditions.h */,
				C8667B9F19187873003D44CF /* UIWindow-KIFAdditions.m */,
			);
			path = Addition;
			sourceTree = "<group>";
		};
		C88BB0CA191A47E000D83F99 /* Extra */ = {
			isa = PBXGroup;
			children = (
				C88BB0CB191A47E000D83F99 /* KIF-Prefix.pch */,
				C88BB0CC191A47E000D83F99 /* KIF-XCTestPrefix.pch */,
				C88BB0CD191A47E000D83F99 /* KIF.h */,
				C88BB0CE191A47E000D83F99 /* KIFSystemTestActor.h */,
				C88BB0CF191A47E000D83F99 /* KIFSystemTestActor.m */,
				C88BB0D0191A47E000D83F99 /* KIFTestActor.h */,
				C88BB0D1191A47E000D83F99 /* KIFTestActor.m */,
				C88BB0D8191A47E000D83F99 /* KIFUITestActor.h */,
				C88BB0D9191A47E000D83F99 /* KIFUITestActor.m */,
			);
			path = Extra;
			sourceTree = "<group>";
		};
		C8B7DC4519109A500093FEDC = {
			isa = PBXGroup;
			children = (
				C8B7DC5019109A500093FEDC /* Frameworks */,
				C8B7DC4F19109A500093FEDC /* Products */,
				C8B7DC921910AB2B0093FEDC /* Resources */,
				C8B7DC5719109A500093FEDC /* SocketConnect */,
				C8B7DC7919109A510093FEDC /* SocketConnectTests */,
			);
			sourceTree = "<group>";
		};
		C8B7DC4F19109A500093FEDC /* Products */ = {
			isa = PBXGroup;
			children = (
				C8B7DC4E19109A500093FEDC /* SocketConnect.app */,
				C8B7DC7219109A510093FEDC /* SocketConnectTests.xctest */,
			);
			name = Products;
			sourceTree = "<group>";
		};
		C8B7DC5019109A500093FEDC /* Frameworks */ = {
			isa = PBXGroup;
			children = (
				1AAE17191912809D00827139 /* QuartzCore.framework */,
				C8B7DC5119109A500093FEDC /* Foundation.framework */,
				C8B7DC5319109A500093FEDC /* CoreGraphics.framework */,
				C8B7DC5519109A500093FEDC /* UIKit.framework */,
				C8B7DC7319109A510093FEDC /* XCTest.framework */,
			);
			name = Frameworks;
			sourceTree = "<group>";
		};
		C8B7DC5719109A500093FEDC /* SocketConnect */ = {
			isa = PBXGroup;
			children = (
				C88BB0CA191A47E000D83F99 /* Extra */,
				C886B7AA191A123300D00B5D /* AutoDirver.h */,
				C886B7AB191A123300D00B5D /* AutoDirver.m */,
				C8667B8D19187873003D44CF /* Addition */,
				C8667B5B191877D0003D44CF /* http */,
				C8667B6D191877D0003D44CF /* HVDefines.h */,
				C8667B6E191877D0003D44CF /* HVHierarchyScanner.h */,
				C8667B6F191877D0003D44CF /* HVHierarchyScanner.m */,
				C8667B70191877D0003D44CF /* iOSHierarchyViewer-Prefix.pch */,
				C8667B71191877D0003D44CF /* iOSHierarchyViewer.h */,
				C8667B72191877D0003D44CF /* iOSHierarchyViewer.m */,
				C8667B73191877D0003D44CF /* webapp */,
				C8C8964319160D4A000D50D8 /* util */,
				C8C8963C19160B2A000D50D8 /* command */,
				C8B7DC951910BE410093FEDC /* Main_iPad.storyboard */,
				C8B7DC961910BE410093FEDC /* Main_iPhone.storyboard */,
				C8B7DC8D1910A9430093FEDC /* SocketViewController.h */,
				C8B7DC8E1910A9430093FEDC /* SocketViewController.m */,
				C8B7DC6019109A510093FEDC /* AppDelegate.h */,
				C8B7DC6119109A510093FEDC /* AppDelegate.m */,
				C8B7DC6919109A510093FEDC /* ViewController.h */,
				C8B7DC6A19109A510093FEDC /* ViewController.m */,
				C8B7DC6C19109A510093FEDC /* Images.xcassets */,
				C8B7DC5819109A500093FEDC /* Supporting Files */,
			);
			path = SocketConnect;
			sourceTree = "<group>";
		};
		C8B7DC5819109A500093FEDC /* Supporting Files */ = {
			isa = PBXGroup;
			children = (
				C8B7DC5919109A500093FEDC /* SocketConnect-Info.plist */,
				C8B7DC5A19109A510093FEDC /* InfoPlist.strings */,
				C8B7DC5D19109A510093FEDC /* main.m */,
				C8B7DC5F19109A510093FEDC /* SocketConnect-Prefix.pch */,
			);
			name = "Supporting Files";
			sourceTree = "<group>";
		};
		C8B7DC7919109A510093FEDC /* SocketConnectTests */ = {
			isa = PBXGroup;
			children = (
				C8B7DC7F19109A510093FEDC /* SocketConnectTests.m */,
				C8B7DC7A19109A510093FEDC /* Supporting Files */,
			);
			path = SocketConnectTests;
			sourceTree = "<group>";
		};
		C8B7DC7A19109A510093FEDC /* Supporting Files */ = {
			isa = PBXGroup;
			children = (
				C8B7DC7B19109A510093FEDC /* SocketConnectTests-Info.plist */,
				C8B7DC7C19109A510093FEDC /* InfoPlist.strings */,
			);
			name = "Supporting Files";
			sourceTree = "<group>";
		};
		C8B7DC921910AB2B0093FEDC /* Resources */ = {
			isa = PBXGroup;
			children = (
				C8B7DC931910AB8F0093FEDC /* SocketViewController.xib */,
			);
			name = Resources;
			sourceTree = "<group>";
		};
		C8C8963C19160B2A000D50D8 /* command */ = {
			isa = PBXGroup;
			children = (
				C886B798191A11E100D00B5D /* BaseCommand.h */,
				C886B799191A11E100D00B5D /* BaseCommand.m */,
				C886B79A191A11E100D00B5D /* CommandClick.h */,
				C886B79B191A11E100D00B5D /* CommandClick.m */,
				C886B79C191A11E100D00B5D /* CommandDeviceInfo.h */,
				C886B79D191A11E100D00B5D /* CommandDeviceInfo.m */,
				C886B79E191A11E100D00B5D /* CommandFind.h */,
				C886B79F191A11E100D00B5D /* CommandFind.m */,
				C886B7A0191A11E100D00B5D /* CommandKey.h */,
				C886B7A1191A11E100D00B5D /* CommandKey.m */,
				C886B7A2191A11E100D00B5D /* CommandScreenShot.h */,
				C886B7A3191A11E100D00B5D /* CommandScreenShot.m */,
			);
			name = command;
			sourceTree = "<group>";
		};
		C8C8964319160D4A000D50D8 /* util */ = {
			isa = PBXGroup;
			children = (
				C886B78F191A11D200D00B5D /* ActionProtocol.h */,
				C886B790191A11D200D00B5D /* ActionProtocol.m */,
				C886B791191A11D200D00B5D /* BlockDelayUtil.h */,
				C886B792191A11D200D00B5D /* BlockDelayUtil.m */,
				C886B793191A11D200D00B5D /* TypeSwapUtil.h */,
				C886B794191A11D300D00B5D /* TypeSwapUtil.m */,
			);
			name = util;
			sourceTree = "<group>";
		};
/* End PBXGroup section */

/* Begin PBXNativeTarget section */
		C8B7DC4D19109A500093FEDC /* SocketConnect */ = {
			isa = PBXNativeTarget;
			buildConfigurationList = C8B7DC8319109A510093FEDC /* Build configuration list for PBXNativeTarget "SocketConnect" */;
			buildPhases = (
				C8B7DC4A19109A500093FEDC /* Sources */,
				C8B7DC4B19109A500093FEDC /* Frameworks */,
				C8B7DC4C19109A500093FEDC /* Resources */,
			);
			buildRules = (
			);
			dependencies = (
			);
			name = SocketConnect;
			productName = SocketConnect;
			productReference = C8B7DC4E19109A500093FEDC /* SocketConnect.app */;
			productType = "com.apple.product-type.application";
		};
		C8B7DC7119109A510093FEDC /* SocketConnectTests */ = {
			isa = PBXNativeTarget;
			buildConfigurationList = C8B7DC8619109A510093FEDC /* Build configuration list for PBXNativeTarget "SocketConnectTests" */;
			buildPhases = (
				C8B7DC6E19109A510093FEDC /* Sources */,
				C8B7DC6F19109A510093FEDC /* Frameworks */,
				C8B7DC7019109A510093FEDC /* Resources */,
			);
			buildRules = (
			);
			dependencies = (
				C8B7DC7819109A510093FEDC /* PBXTargetDependency */,
			);
			name = SocketConnectTests;
			productName = SocketConnectTests;
			productReference = C8B7DC7219109A510093FEDC /* SocketConnectTests.xctest */;
			productType = "com.apple.product-type.bundle.unit-test";
		};
/* End PBXNativeTarget section */

/* Begin PBXProject section */
		C8B7DC4619109A500093FEDC /* Project object */ = {
			isa = PBXProject;
			attributes = {
				LastUpgradeCheck = 0500;
				ORGANIZATIONNAME = yrguo;
				TargetAttributes = {
					C8B7DC7119109A510093FEDC = {
						TestTargetID = C8B7DC4D19109A500093FEDC;
					};
				};
			};
			buildConfigurationList = C8B7DC4919109A500093FEDC /* Build configuration list for PBXProject "SocketConnect" */;
			compatibilityVersion = "Xcode 3.2";
			developmentRegion = English;
			hasScannedForEncodings = 0;
			knownRegions = (
				en,
				Base,
			);
			mainGroup = C8B7DC4519109A500093FEDC;
			productRefGroup = C8B7DC4F19109A500093FEDC /* Products */;
			projectDirPath = "";
			projectRoot = "";
			targets = (
				C8B7DC4D19109A500093FEDC /* SocketConnect */,
				C8B7DC7119109A510093FEDC /* SocketConnectTests */,
			);
		};
/* End PBXProject section */

/* Begin PBXResourcesBuildPhase section */
		C8B7DC4C19109A500093FEDC /* Resources */ = {
			isa = PBXResourcesBuildPhase;
			buildActionMask = 2147483647;
			files = (
				C8B7DC6D19109A510093FEDC /* Images.xcassets in Resources */,
				C8667B8C191877D0003D44CF /* style.css in Resources */,
				C8B7DC971910BE410093FEDC /* Main_iPad.storyboard in Resources */,
				C8667B88191877D0003D44CF /* index_core.html in Resources */,
				C8B7DC981910BE410093FEDC /* Main_iPhone.storyboard in Resources */,
				C8B7DC5C19109A510093FEDC /* InfoPlist.strings in Resources */,
				C8B7DC941910AB8F0093FEDC /* SocketViewController.xib in Resources */,
				C8667B89191877D0003D44CF /* index_ui.html in Resources */,
			);
			runOnlyForDeploymentPostprocessing = 0;
		};
		C8B7DC7019109A510093FEDC /* Resources */ = {
			isa = PBXResourcesBuildPhase;
			buildActionMask = 2147483647;
			files = (
				C8B7DC7E19109A510093FEDC /* InfoPlist.strings in Resources */,
			);
			runOnlyForDeploymentPostprocessing = 0;
		};
/* End PBXResourcesBuildPhase section */

/* Begin PBXSourcesBuildPhase section */
		C8B7DC4A19109A500093FEDC /* Sources */ = {
			isa = PBXSourcesBuildPhase;
			buildActionMask = 2147483647;
			files = (
				C8667B8A191877D0003D44CF /* jquery.js in Sources */,
				C8667BA019187873003D44CF /* CGGeometry-KIFAdditions.m in Sources */,
				C8667B83191877D0003D44CF /* HVStaticFileHandler.m in Sources */,
				C8B7DC6B19109A510093FEDC /* ViewController.m in Sources */,
				C886B7A4191A11E100D00B5D /* BaseCommand.m in Sources */,
				C8667B87191877D0003D44CF /* iOSHierarchyViewer.m in Sources */,
				C8667B8B191877D0003D44CF /* navbar.js in Sources */,
				C8667B80191877D0003D44CF /* HVHierarchyHandler.m in Sources */,
				C8667B82191877D0003D44CF /* HVPropertyEditorHandler.m in Sources */,
				C886B7A6191A11E100D00B5D /* CommandDeviceInfo.m in Sources */,
				C8667BA619187873003D44CF /* UITouch-KIFAdditions.m in Sources */,
				C886B7A7191A11E100D00B5D /* CommandFind.m in Sources */,
				C886B7A9191A11E100D00B5D /* CommandScreenShot.m in Sources */,
				C8667BA719187873003D44CF /* UIView-KIFAdditions.m in Sources */,
				C886B795191A11D300D00B5D /* ActionProtocol.m in Sources */,
				C8B7DC8F1910A9430093FEDC /* SocketViewController.m in Sources */,
				C8667B84191877D0003D44CF /* HVBaseRequestHandler.m in Sources */,
				C88BB0DF191A47E000D83F99 /* KIFUITestActor.m in Sources */,
				C8667BB01919C05C003D44CF /* KIFTypist.m in Sources */,
				C8667B86191877D0003D44CF /* HVHierarchyScanner.m in Sources */,
				C886B797191A11D300D00B5D /* TypeSwapUtil.m in Sources */,
				C88BB0DB191A47E000D83F99 /* KIFTestActor.m in Sources */,
				C8667B7F191877D0003D44CF /* HVCoreDataHandler.m in Sources */,
				C88BB0DA191A47E000D83F99 /* KIFSystemTestActor.m in Sources */,
				C8667BA219187873003D44CF /* UIAccessibilityElement-KIFAdditions.m in Sources */,
				C886B7A8191A11E100D00B5D /* CommandKey.m in Sources */,
				C8667BA119187873003D44CF /* NSFileManager-KIFAdditions.m in Sources */,
				C886B7AC191A123300D00B5D /* AutoDirver.m in Sources */,
				C8667B7E191877D0003D44CF /* HVBase64StaticFile.m in Sources */,
				C8667BA819187873003D44CF /* UIWindow-KIFAdditions.m in Sources */,
				C886B7A5191A11E100D00B5D /* CommandClick.m in Sources */,
				C8667B81191877D0003D44CF /* HVPreviewHandler.m in Sources */,
				C8B7DC6219109A510093FEDC /* AppDelegate.m in Sources */,
				C8667B85191877D0003D44CF /* HVHTTPServer.m in Sources */,
				C8667BA519187873003D44CF /* UITableView-KIFAdditions.m in Sources */,
				C8667BA419187873003D44CF /* UIScrollView-KIFAdditions.m in Sources */,
				C8B7DC5E19109A510093FEDC /* main.m in Sources */,
				C886B796191A11D300D00B5D /* BlockDelayUtil.m in Sources */,
				C8667BA319187873003D44CF /* UIApplication-KIFAdditions.m in Sources */,
			);
			runOnlyForDeploymentPostprocessing = 0;
		};
		C8B7DC6E19109A510093FEDC /* Sources */ = {
			isa = PBXSourcesBuildPhase;
			buildActionMask = 2147483647;
			files = (
				C8B7DC8019109A510093FEDC /* SocketConnectTests.m in Sources */,
			);
			runOnlyForDeploymentPostprocessing = 0;
		};
/* End PBXSourcesBuildPhase section */

/* Begin PBXTargetDependency section */
		C8B7DC7819109A510093FEDC /* PBXTargetDependency */ = {
			isa = PBXTargetDependency;
			target = C8B7DC4D19109A500093FEDC /* SocketConnect */;
			targetProxy = C8B7DC7719109A510093FEDC /* PBXContainerItemProxy */;
		};
/* End PBXTargetDependency section */

/* Begin PBXVariantGroup section */
		C8B7DC5A19109A510093FEDC /* InfoPlist.strings */ = {
			isa = PBXVariantGroup;
			children = (
				C8B7DC5B19109A510093FEDC /* en */,
			);
			name = InfoPlist.strings;
			sourceTree = "<group>";
		};
		C8B7DC7C19109A510093FEDC /* InfoPlist.strings */ = {
			isa = PBXVariantGroup;
			children = (
				C8B7DC7D19109A510093FEDC /* en */,
			);
			name = InfoPlist.strings;
			sourceTree = "<group>";
		};
/* End PBXVariantGroup section */

/* Begin XCBuildConfiguration section */
		C8B7DC8119109A510093FEDC /* Debug */ = {
			isa = XCBuildConfiguration;
			buildSettings = {
				ALWAYS_SEARCH_USER_PATHS = NO;
				ARCHS = "$(ARCHS_STANDARD_INCLUDING_64_BIT)";
				CLANG_CXX_LANGUAGE_STANDARD = "gnu++0x";
				CLANG_CXX_LIBRARY = "libc++";
				CLANG_ENABLE_MODULES = YES;
				CLANG_ENABLE_OBJC_ARC = YES;
				CLANG_WARN_BOOL_CONVERSION = YES;
				CLANG_WARN_CONSTANT_CONVERSION = YES;
				CLANG_WARN_DIRECT_OBJC_ISA_USAGE = YES_ERROR;
				CLANG_WARN_EMPTY_BODY = YES;
				CLANG_WARN_ENUM_CONVERSION = YES;
				CLANG_WARN_INT_CONVERSION = YES;
				CLANG_WARN_OBJC_ROOT_CLASS = YES_ERROR;
				CLANG_WARN__DUPLICATE_METHOD_MATCH = YES;
				"CODE_SIGN_IDENTITY[sdk=iphoneos*]" = "iPhone Developer";
				COPY_PHASE_STRIP = NO;
				GCC_C_LANGUAGE_STANDARD = gnu99;
				GCC_DYNAMIC_NO_PIC = NO;
				GCC_OPTIMIZATION_LEVEL = 0;
				GCC_PREPROCESSOR_DEFINITIONS = (
					"DEBUG=1",
					"$(inherited)",
				);
				GCC_SYMBOLS_PRIVATE_EXTERN = NO;
				GCC_WARN_64_TO_32_BIT_CONVERSION = YES;
				GCC_WARN_ABOUT_RETURN_TYPE = YES_ERROR;
				GCC_WARN_UNDECLARED_SELECTOR = YES;
				GCC_WARN_UNINITIALIZED_AUTOS = YES;
				GCC_WARN_UNUSED_FUNCTION = YES;
				GCC_WARN_UNUSED_VARIABLE = YES;
				IPHONEOS_DEPLOYMENT_TARGET = 7.0;
				ONLY_ACTIVE_ARCH = YES;
				SDKROOT = iphoneos;
				TARGETED_DEVICE_FAMILY = "1,2";
			};
			name = Debug;
		};
		C8B7DC8219109A510093FEDC /* Release */ = {
			isa = XCBuildConfiguration;
			buildSettings = {
				ALWAYS_SEARCH_USER_PATHS = NO;
				ARCHS = "$(ARCHS_STANDARD_INCLUDING_64_BIT)";
				CLANG_CXX_LANGUAGE_STANDARD = "gnu++0x";
				CLANG_CXX_LIBRARY = "libc++";
				CLANG_ENABLE_MODULES = YES;
				CLANG_ENABLE_OBJC_ARC = YES;
				CLANG_WARN_BOOL_CONVERSION = YES;
				CLANG_WARN_CONSTANT_CONVERSION = YES;
				CLANG_WARN_DIRECT_OBJC_ISA_USAGE = YES_ERROR;
				CLANG_WARN_EMPTY_BODY = YES;
				CLANG_WARN_ENUM_CONVERSION = YES;
				CLANG_WARN_INT_CONVERSION = YES;
				CLANG_WARN_OBJC_ROOT_CLASS = YES_ERROR;
				CLANG_WARN__DUPLICATE_METHOD_MATCH = YES;
				"CODE_SIGN_IDENTITY[sdk=iphoneos*]" = "iPhone Developer";
				COPY_PHASE_STRIP = YES;
				ENABLE_NS_ASSERTIONS = NO;
				GCC_C_LANGUAGE_STANDARD = gnu99;
				GCC_WARN_64_TO_32_BIT_CONVERSION = YES;
				GCC_WARN_ABOUT_RETURN_TYPE = YES_ERROR;
				GCC_WARN_UNDECLARED_SELECTOR = YES;
				GCC_WARN_UNINITIALIZED_AUTOS = YES;
				GCC_WARN_UNUSED_FUNCTION = YES;
				GCC_WARN_UNUSED_VARIABLE = YES;
				IPHONEOS_DEPLOYMENT_TARGET = 7.0;
				SDKROOT = iphoneos;
				TARGETED_DEVICE_FAMILY = "1,2";
				VALIDATE_PRODUCT = YES;
			};
			name = Release;
		};
		C8B7DC8419109A510093FEDC /* Debug */ = {
			isa = XCBuildConfiguration;
			buildSettings = {
				ASSETCATALOG_COMPILER_APPICON_NAME = AppIcon;
				ASSETCATALOG_COMPILER_LAUNCHIMAGE_NAME = LaunchImage;
				GCC_PRECOMPILE_PREFIX_HEADER = YES;
				GCC_PREFIX_HEADER = "SocketConnect/SocketConnect-Prefix.pch";
				INFOPLIST_FILE = "SocketConnect/SocketConnect-Info.plist";
				IPHONEOS_DEPLOYMENT_TARGET = 6.0;
				LIBRARY_SEARCH_PATHS = (
					"$(inherited)",
					/Users/yrguo/work/SocketConnect/SocketConnect/SocketConnect,
				);
				OTHER_LDFLAGS = (
					"-all_load",
					"-ObjC",
				);
				PRODUCT_NAME = "$(TARGET_NAME)";
				USER_HEADER_SEARCH_PATHS = "";
				WRAPPER_EXTENSION = app;
			};
			name = Debug;
		};
		C8B7DC8519109A510093FEDC /* Release */ = {
			isa = XCBuildConfiguration;
			buildSettings = {
				ASSETCATALOG_COMPILER_APPICON_NAME = AppIcon;
				ASSETCATALOG_COMPILER_LAUNCHIMAGE_NAME = LaunchImage;
				GCC_PRECOMPILE_PREFIX_HEADER = YES;
				GCC_PREFIX_HEADER = "SocketConnect/SocketConnect-Prefix.pch";
				INFOPLIST_FILE = "SocketConnect/SocketConnect-Info.plist";
				IPHONEOS_DEPLOYMENT_TARGET = 6.0;
				LIBRARY_SEARCH_PATHS = (
					"$(inherited)",
					/Users/yrguo/work/SocketConnect/SocketConnect/SocketConnect,
				);
				OTHER_LDFLAGS = (
					"-all_load",
					"-ObjC",
				);
				PRODUCT_NAME = "$(TARGET_NAME)";
				USER_HEADER_SEARCH_PATHS = "";
				WRAPPER_EXTENSION = app;
			};
			name = Release;
		};
		C8B7DC8719109A510093FEDC /* Debug */ = {
			isa = XCBuildConfiguration;
			buildSettings = {
				ARCHS = "$(ARCHS_STANDARD_INCLUDING_64_BIT)";
				BUNDLE_LOADER = "$(BUILT_PRODUCTS_DIR)/SocketConnect.app/SocketConnect";
				FRAMEWORK_SEARCH_PATHS = (
					"$(SDKROOT)/Developer/Library/Frameworks",
					"$(inherited)",
					"$(DEVELOPER_FRAMEWORKS_DIR)",
				);
				GCC_PRECOMPILE_PREFIX_HEADER = YES;
				GCC_PREFIX_HEADER = "SocketConnect/SocketConnect-Prefix.pch";
				GCC_PREPROCESSOR_DEFINITIONS = (
					"DEBUG=1",
					"$(inherited)",
				);
				INFOPLIST_FILE = "SocketConnectTests/SocketConnectTests-Info.plist";
				PRODUCT_NAME = "$(TARGET_NAME)";
				TEST_HOST = "$(BUNDLE_LOADER)";
				WRAPPER_EXTENSION = xctest;
			};
			name = Debug;
		};
		C8B7DC8819109A510093FEDC /* Release */ = {
			isa = XCBuildConfiguration;
			buildSettings = {
				ARCHS = "$(ARCHS_STANDARD_INCLUDING_64_BIT)";
				BUNDLE_LOADER = "$(BUILT_PRODUCTS_DIR)/SocketConnect.app/SocketConnect";
				FRAMEWORK_SEARCH_PATHS = (
					"$(SDKROOT)/Developer/Library/Frameworks",
					"$(inherited)",
					"$(DEVELOPER_FRAMEWORKS_DIR)",
				);
				GCC_PRECOMPILE_PREFIX_HEADER = YES;
				GCC_PREFIX_HEADER = "SocketConnect/SocketConnect-Prefix.pch";
				INFOPLIST_FILE = "SocketConnectTests/SocketConnectTests-Info.plist";
				PRODUCT_NAME = "$(TARGET_NAME)";
				TEST_HOST = "$(BUNDLE_LOADER)";
				WRAPPER_EXTENSION = xctest;
			};
			name = Release;
		};
/* End XCBuildConfiguration section */

/* Begin XCConfigurationList section */
		C8B7DC4919109A500093FEDC /* Build configuration list for PBXProject "SocketConnect" */ = {
			isa = XCConfigurationList;
			buildConfigurations = (
				C8B7DC8119109A510093FEDC /* Debug */,
				C8B7DC8219109A510093FEDC /* Release */,
			);
			defaultConfigurationIsVisible = 0;
			defaultConfigurationName = Release;
		};
		C8B7DC8319109A510093FEDC /* Build configuration list for PBXNativeTarget "SocketConnect" */ = {
			isa = XCConfigurationList;
			buildConfigurations = (
				C8B7DC8419109A510093FEDC /* Debug */,
				C8B7DC8519109A510093FEDC /* Release */,
			);
			defaultConfigurationIsVisible = 0;
			defaultConfigurationName = Release;
		};
		C8B7DC8619109A510093FEDC /* Build configuration list for PBXNativeTarget "SocketConnectTests" */ = {
			isa = XCConfigurationList;
			buildConfigurations = (
				C8B7DC8719109A510093FEDC /* Debug */,
				C8B7DC8819109A510093FEDC /* Release */,
			);
			defaultConfigurationIsVisible = 0;
			defaultConfigurationName = Release;
		};
/* End XCConfigurationList section */
	};
	rootObject = C8B7DC4619109A500093FEDC /* Project object */;
}
