// !$*UTF8*$!
{
	archiveVersion = 1;
	classes = {
	};
	objectVersion = 46;
	objects = {

/* Begin PBXBuildFile section */
		1A55B0CE191243A1000BCCD4 /* TypeSwapUtil.m in Sources */ = {isa = PBXBuildFile; fileRef = 1A55B0CD191243A1000BCCD4 /* TypeSwapUtil.m */; };
		1AAE171A1912809D00827139 /* QuartzCore.framework in Frameworks */ = {isa = PBXBuildFile; fileRef = 1AAE17191912809D00827139 /* QuartzCore.framework */; };
		C8667AE419177363003D44CF /* CommandKey.m in Sources */ = {isa = PBXBuildFile; fileRef = C8667AE319177363003D44CF /* CommandKey.m */; };
		C8B7DC5219109A500093FEDC /* Foundation.framework in Frameworks */ = {isa = PBXBuildFile; fileRef = C8B7DC5119109A500093FEDC /* Foundation.framework */; };
		C8B7DC5419109A500093FEDC /* CoreGraphics.framework in Frameworks */ = {isa = PBXBuildFile; fileRef = C8B7DC5319109A500093FEDC /* CoreGraphics.framework */; };
		C8B7DC5619109A500093FEDC /* UIKit.framework in Frameworks */ = {isa = PBXBuildFile; fileRef = C8B7DC5519109A500093FEDC /* UIKit.framework */; };
		C8B7DC5C19109A510093FEDC /* InfoPlist.strings in Resources */ = {isa = PBXBuildFile; fileRef = C8B7DC5A19109A510093FEDC /* InfoPlist.strings */; };
		C8B7DC5E19109A510093FEDC /* main.m in Sources */ = {isa = PBXBuildFile; fileRef = C8B7DC5D19109A510093FEDC /* main.m */; };
		C8B7DC6219109A510093FEDC /* AppDelegate.m in Sources */ = {isa = PBXBuildFile; fileRef = C8B7DC6119109A510093FEDC /* AppDelegate.m */; };
		C8B7DC6B19109A510093FEDC /* ViewController.m in Sources */ = {isa = PBXBuildFile; fileRef = C8B7DC6A19109A510093FEDC /* ViewController.m */; };
		C8B7DC6D19109A510093FEDC /* Images.xcassets in Resources */ = {isa = PBXBuildFile; fileRef = C8B7DC6C19109A510093FEDC /* Images.xcassets */; };
		C8B7DC7419109A510093FEDC /* XCTest.framework in Frameworks */ = {isa = PBXBuildFile; fileRef = C8B7DC7319109A510093FEDC /* XCTest.framework */; };
		C8B7DC7519109A510093FEDC /* Foundation.framework in Frameworks */ = {isa = PBXBuildFile; fileRef = C8B7DC5119109A500093FEDC /* Foundation.framework */; };
		C8B7DC7619109A510093FEDC /* UIKit.framework in Frameworks */ = {isa = PBXBuildFile; fileRef = C8B7DC5519109A500093FEDC /* UIKit.framework */; };
		C8B7DC7E19109A510093FEDC /* InfoPlist.strings in Resources */ = {isa = PBXBuildFile; fileRef = C8B7DC7C19109A510093FEDC /* InfoPlist.strings */; };
		C8B7DC8019109A510093FEDC /* SocketConnectTests.m in Sources */ = {isa = PBXBuildFile; fileRef = C8B7DC7F19109A510093FEDC /* SocketConnectTests.m */; };
		C8B7DC8F1910A9430093FEDC /* SocketViewController.m in Sources */ = {isa = PBXBuildFile; fileRef = C8B7DC8E1910A9430093FEDC /* SocketViewController.m */; };
		C8B7DC941910AB8F0093FEDC /* SocketViewController.xib in Resources */ = {isa = PBXBuildFile; fileRef = C8B7DC931910AB8F0093FEDC /* SocketViewController.xib */; };
		C8B7DC971910BE410093FEDC /* Main_iPad.storyboard in Resources */ = {isa = PBXBuildFile; fileRef = C8B7DC951910BE410093FEDC /* Main_iPad.storyboard */; };
		C8B7DC981910BE410093FEDC /* Main_iPhone.storyboard in Resources */ = {isa = PBXBuildFile; fileRef = C8B7DC961910BE410093FEDC /* Main_iPhone.storyboard */; };
		C8C895F61915D82F000D50D8 /* HVBase64StaticFile.m in Sources */ = {isa = PBXBuildFile; fileRef = C8C895981915D82F000D50D8 /* HVBase64StaticFile.m */; };
		C8C895F71915D82F000D50D8 /* HVCoreDataHandler.m in Sources */ = {isa = PBXBuildFile; fileRef = C8C8959A1915D82F000D50D8 /* HVCoreDataHandler.m */; };
		C8C895F81915D82F000D50D8 /* HVHierarchyHandler.m in Sources */ = {isa = PBXBuildFile; fileRef = C8C8959C1915D82F000D50D8 /* HVHierarchyHandler.m */; };
		C8C895F91915D82F000D50D8 /* HVPreviewHandler.m in Sources */ = {isa = PBXBuildFile; fileRef = C8C8959E1915D82F000D50D8 /* HVPreviewHandler.m */; };
		C8C895FA1915D82F000D50D8 /* HVPropertyEditorHandler.m in Sources */ = {isa = PBXBuildFile; fileRef = C8C895A01915D82F000D50D8 /* HVPropertyEditorHandler.m */; };
		C8C895FB1915D82F000D50D8 /* HVStaticFileHandler.m in Sources */ = {isa = PBXBuildFile; fileRef = C8C895A21915D82F000D50D8 /* HVStaticFileHandler.m */; };
		C8C895FC1915D82F000D50D8 /* HVBaseRequestHandler.m in Sources */ = {isa = PBXBuildFile; fileRef = C8C895A41915D82F000D50D8 /* HVBaseRequestHandler.m */; };
		C8C895FD1915D82F000D50D8 /* HVHTTPServer.m in Sources */ = {isa = PBXBuildFile; fileRef = C8C895A61915D82F000D50D8 /* HVHTTPServer.m */; };
		C8C895FE1915D82F000D50D8 /* HVHierarchyScanner.m in Sources */ = {isa = PBXBuildFile; fileRef = C8C895A91915D82F000D50D8 /* HVHierarchyScanner.m */; };
		C8C895FF1915D82F000D50D8 /* iOSHierarchyViewer.m in Sources */ = {isa = PBXBuildFile; fileRef = C8C895AC1915D82F000D50D8 /* iOSHierarchyViewer.m */; };
		C8C896001915D82F000D50D8 /* index_core.html in Resources */ = {isa = PBXBuildFile; fileRef = C8C895AE1915D82F000D50D8 /* index_core.html */; };
		C8C896011915D82F000D50D8 /* index_ui.html in Resources */ = {isa = PBXBuildFile; fileRef = C8C895AF1915D82F000D50D8 /* index_ui.html */; };
		C8C896021915D82F000D50D8 /* jquery.js in Sources */ = {isa = PBXBuildFile; fileRef = C8C895B01915D82F000D50D8 /* jquery.js */; };
		C8C896031915D82F000D50D8 /* navbar.js in Sources */ = {isa = PBXBuildFile; fileRef = C8C895B11915D82F000D50D8 /* navbar.js */; };
		C8C896041915D82F000D50D8 /* style.css in Resources */ = {isa = PBXBuildFile; fileRef = C8C895B21915D82F000D50D8 /* style.css */; };
		C8C8963119160072000D50D8 /* BaseCommand.m in Sources */ = {isa = PBXBuildFile; fileRef = C8C8963019160072000D50D8 /* BaseCommand.m */; };
		C8C8963A1916069E000D50D8 /* ActionProtocol.m in Sources */ = {isa = PBXBuildFile; fileRef = C8C896391916069E000D50D8 /* ActionProtocol.m */; };
		C8C8963F19160BCF000D50D8 /* CommandFind.m in Sources */ = {isa = PBXBuildFile; fileRef = C8C8963E19160BCF000D50D8 /* CommandFind.m */; };
		C8C8964219160D42000D50D8 /* JSONKit.m in Sources */ = {isa = PBXBuildFile; fileRef = C8C8964119160D42000D50D8 /* JSONKit.m */; settings = {COMPILER_FLAGS = "-fno-objc-arc"; }; };
		C8C89646191631F9000D50D8 /* CommandDeviceInfo.m in Sources */ = {isa = PBXBuildFile; fileRef = C8C89645191631F9000D50D8 /* CommandDeviceInfo.m */; };
		C8C8964919163513000D50D8 /* CommandScreenShot.m in Sources */ = {isa = PBXBuildFile; fileRef = C8C8964819163513000D50D8 /* CommandScreenShot.m */; };
		C8C8964C19163747000D50D8 /* CommandClick.m in Sources */ = {isa = PBXBuildFile; fileRef = C8C8964B19163747000D50D8 /* CommandClick.m */; };
		C8C896881917287A000D50D8 /* CGGeometry-KIFAdditions.m in Sources */ = {isa = PBXBuildFile; fileRef = C8C8966D1917287A000D50D8 /* CGGeometry-KIFAdditions.m */; };
		C8C896891917287A000D50D8 /* NSFileManager-KIFAdditions.m in Sources */ = {isa = PBXBuildFile; fileRef = C8C8966F1917287A000D50D8 /* NSFileManager-KIFAdditions.m */; };
		C8C8968A1917287A000D50D8 /* UIAccessibilityElement-KIFAdditions.m in Sources */ = {isa = PBXBuildFile; fileRef = C8C896711917287A000D50D8 /* UIAccessibilityElement-KIFAdditions.m */; };
		C8C8968B1917287A000D50D8 /* UIApplication-KIFAdditions.m in Sources */ = {isa = PBXBuildFile; fileRef = C8C896731917287A000D50D8 /* UIApplication-KIFAdditions.m */; };
		C8C8968C1917287A000D50D8 /* UIScrollView-KIFAdditions.m in Sources */ = {isa = PBXBuildFile; fileRef = C8C896751917287A000D50D8 /* UIScrollView-KIFAdditions.m */; };
		C8C8968D1917287A000D50D8 /* UITouch-KIFAdditions.m in Sources */ = {isa = PBXBuildFile; fileRef = C8C896771917287A000D50D8 /* UITouch-KIFAdditions.m */; };
		C8C8968E1917287A000D50D8 /* UIView-KIFAdditions.m in Sources */ = {isa = PBXBuildFile; fileRef = C8C896791917287A000D50D8 /* UIView-KIFAdditions.m */; };
		C8C8968F1917287A000D50D8 /* UIWindow-KIFAdditions.m in Sources */ = {isa = PBXBuildFile; fileRef = C8C8967B1917287A000D50D8 /* UIWindow-KIFAdditions.m */; };
		C8C896901917287A000D50D8 /* UITableView-KIFAdditions.m in Sources */ = {isa = PBXBuildFile; fileRef = C8C8967D1917287A000D50D8 /* UITableView-KIFAdditions.m */; };
/* End PBXBuildFile section */

/* Begin PBXContainerItemProxy section */
		C8B7DC7719109A510093FEDC /* PBXContainerItemProxy */ = {
			isa = PBXContainerItemProxy;
			containerPortal = C8B7DC4619109A500093FEDC /* Project object */;
			proxyType = 1;
			remoteGlobalIDString = C8B7DC4D19109A500093FEDC;
			remoteInfo = SocketConnect;
		};
/* End PBXContainerItemProxy section */

/* Begin PBXFileReference section */
		1A55B0CC191243A1000BCCD4 /* TypeSwapUtil.h */ = {isa = PBXFileReference; fileEncoding = 4; lastKnownFileType = sourcecode.c.h; name = TypeSwapUtil.h; path = ../TypeSwapUtil.h; sourceTree = "<group>"; };
		1A55B0CD191243A1000BCCD4 /* TypeSwapUtil.m */ = {isa = PBXFileReference; fileEncoding = 4; lastKnownFileType = sourcecode.c.objc; name = TypeSwapUtil.m; path = ../TypeSwapUtil.m; sourceTree = "<group>"; };
		1AAE17181912807800827139 /* iOSHierarchyViewer.h */ = {isa = PBXFileReference; fileEncoding = 4; lastKnownFileType = sourcecode.c.h; path = iOSHierarchyViewer.h; sourceTree = "<group>"; };
		1AAE17191912809D00827139 /* QuartzCore.framework */ = {isa = PBXFileReference; lastKnownFileType = wrapper.framework; name = QuartzCore.framework; path = System/Library/Frameworks/QuartzCore.framework; sourceTree = SDKROOT; };
		C8667AE219177363003D44CF /* CommandKey.h */ = {isa = PBXFileReference; fileEncoding = 4; lastKnownFileType = sourcecode.c.h; path = CommandKey.h; sourceTree = "<group>"; };
		C8667AE319177363003D44CF /* CommandKey.m */ = {isa = PBXFileReference; fileEncoding = 4; lastKnownFileType = sourcecode.c.objc; path = CommandKey.m; sourceTree = "<group>"; };
		C8B7DC4E19109A500093FEDC /* SocketConnect.app */ = {isa = PBXFileReference; explicitFileType = wrapper.application; includeInIndex = 0; path = SocketConnect.app; sourceTree = BUILT_PRODUCTS_DIR; };
		C8B7DC5119109A500093FEDC /* Foundation.framework */ = {isa = PBXFileReference; lastKnownFileType = wrapper.framework; name = Foundation.framework; path = System/Library/Frameworks/Foundation.framework; sourceTree = SDKROOT; };
		C8B7DC5319109A500093FEDC /* CoreGraphics.framework */ = {isa = PBXFileReference; lastKnownFileType = wrapper.framework; name = CoreGraphics.framework; path = System/Library/Frameworks/CoreGraphics.framework; sourceTree = SDKROOT; };
		C8B7DC5519109A500093FEDC /* UIKit.framework */ = {isa = PBXFileReference; lastKnownFileType = wrapper.framework; name = UIKit.framework; path = System/Library/Frameworks/UIKit.framework; sourceTree = SDKROOT; };
		C8B7DC5919109A500093FEDC /* SocketConnect-Info.plist */ = {isa = PBXFileReference; lastKnownFileType = text.plist.xml; path = "SocketConnect-Info.plist"; sourceTree = "<group>"; };
		C8B7DC5B19109A510093FEDC /* en */ = {isa = PBXFileReference; lastKnownFileType = text.plist.strings; name = en; path = en.lproj/InfoPlist.strings; sourceTree = "<group>"; };
		C8B7DC5D19109A510093FEDC /* main.m */ = {isa = PBXFileReference; lastKnownFileType = sourcecode.c.objc; path = main.m; sourceTree = "<group>"; };
		C8B7DC5F19109A510093FEDC /* SocketConnect-Prefix.pch */ = {isa = PBXFileReference; lastKnownFileType = sourcecode.c.h; path = "SocketConnect-Prefix.pch"; sourceTree = "<group>"; };
		C8B7DC6019109A510093FEDC /* AppDelegate.h */ = {isa = PBXFileReference; lastKnownFileType = sourcecode.c.h; path = AppDelegate.h; sourceTree = "<group>"; };
		C8B7DC6119109A510093FEDC /* AppDelegate.m */ = {isa = PBXFileReference; lastKnownFileType = sourcecode.c.objc; path = AppDelegate.m; sourceTree = "<group>"; };
		C8B7DC6919109A510093FEDC /* ViewController.h */ = {isa = PBXFileReference; lastKnownFileType = sourcecode.c.h; path = ViewController.h; sourceTree = "<group>"; };
		C8B7DC6A19109A510093FEDC /* ViewController.m */ = {isa = PBXFileReference; lastKnownFileType = sourcecode.c.objc; path = ViewController.m; sourceTree = "<group>"; };
		C8B7DC6C19109A510093FEDC /* Images.xcassets */ = {isa = PBXFileReference; lastKnownFileType = folder.assetcatalog; path = Images.xcassets; sourceTree = "<group>"; };
		C8B7DC7219109A510093FEDC /* SocketConnectTests.xctest */ = {isa = PBXFileReference; explicitFileType = wrapper.cfbundle; includeInIndex = 0; path = SocketConnectTests.xctest; sourceTree = BUILT_PRODUCTS_DIR; };
		C8B7DC7319109A510093FEDC /* XCTest.framework */ = {isa = PBXFileReference; lastKnownFileType = wrapper.framework; name = XCTest.framework; path = Library/Frameworks/XCTest.framework; sourceTree = DEVELOPER_DIR; };
		C8B7DC7B19109A510093FEDC /* SocketConnectTests-Info.plist */ = {isa = PBXFileReference; lastKnownFileType = text.plist.xml; path = "SocketConnectTests-Info.plist"; sourceTree = "<group>"; };
		C8B7DC7D19109A510093FEDC /* en */ = {isa = PBXFileReference; lastKnownFileType = text.plist.strings; name = en; path = en.lproj/InfoPlist.strings; sourceTree = "<group>"; };
		C8B7DC7F19109A510093FEDC /* SocketConnectTests.m */ = {isa = PBXFileReference; lastKnownFileType = sourcecode.c.objc; path = SocketConnectTests.m; sourceTree = "<group>"; };
		C8B7DC8D1910A9430093FEDC /* SocketViewController.h */ = {isa = PBXFileReference; fileEncoding = 4; lastKnownFileType = sourcecode.c.h; path = SocketViewController.h; sourceTree = "<group>"; };
		C8B7DC8E1910A9430093FEDC /* SocketViewController.m */ = {isa = PBXFileReference; fileEncoding = 4; lastKnownFileType = sourcecode.c.objc; path = SocketViewController.m; sourceTree = "<group>"; };
		C8B7DC931910AB8F0093FEDC /* SocketViewController.xib */ = {isa = PBXFileReference; fileEncoding = 4; lastKnownFileType = file.xib; path = SocketViewController.xib; sourceTree = "<group>"; };
		C8B7DC951910BE410093FEDC /* Main_iPad.storyboard */ = {isa = PBXFileReference; fileEncoding = 4; lastKnownFileType = file.storyboard; path = Main_iPad.storyboard; sourceTree = "<group>"; };
		C8B7DC961910BE410093FEDC /* Main_iPhone.storyboard */ = {isa = PBXFileReference; fileEncoding = 4; lastKnownFileType = file.storyboard; path = Main_iPhone.storyboard; sourceTree = "<group>"; };
		C8C895971915D82F000D50D8 /* HVBase64StaticFile.h */ = {isa = PBXFileReference; fileEncoding = 4; lastKnownFileType = sourcecode.c.h; path = HVBase64StaticFile.h; sourceTree = "<group>"; };
		C8C895981915D82F000D50D8 /* HVBase64StaticFile.m */ = {isa = PBXFileReference; fileEncoding = 4; lastKnownFileType = sourcecode.c.objc; path = HVBase64StaticFile.m; sourceTree = "<group>"; };
		C8C895991915D82F000D50D8 /* HVCoreDataHandler.h */ = {isa = PBXFileReference; fileEncoding = 4; lastKnownFileType = sourcecode.c.h; path = HVCoreDataHandler.h; sourceTree = "<group>"; };
		C8C8959A1915D82F000D50D8 /* HVCoreDataHandler.m */ = {isa = PBXFileReference; fileEncoding = 4; lastKnownFileType = sourcecode.c.objc; path = HVCoreDataHandler.m; sourceTree = "<group>"; };
		C8C8959B1915D82F000D50D8 /* HVHierarchyHandler.h */ = {isa = PBXFileReference; fileEncoding = 4; lastKnownFileType = sourcecode.c.h; path = HVHierarchyHandler.h; sourceTree = "<group>"; };
		C8C8959C1915D82F000D50D8 /* HVHierarchyHandler.m */ = {isa = PBXFileReference; fileEncoding = 4; lastKnownFileType = sourcecode.c.objc; path = HVHierarchyHandler.m; sourceTree = "<group>"; };
		C8C8959D1915D82F000D50D8 /* HVPreviewHandler.h */ = {isa = PBXFileReference; fileEncoding = 4; lastKnownFileType = sourcecode.c.h; path = HVPreviewHandler.h; sourceTree = "<group>"; };
		C8C8959E1915D82F000D50D8 /* HVPreviewHandler.m */ = {isa = PBXFileReference; fileEncoding = 4; lastKnownFileType = sourcecode.c.objc; path = HVPreviewHandler.m; sourceTree = "<group>"; };
		C8C8959F1915D82F000D50D8 /* HVPropertyEditorHandler.h */ = {isa = PBXFileReference; fileEncoding = 4; lastKnownFileType = sourcecode.c.h; path = HVPropertyEditorHandler.h; sourceTree = "<group>"; };
		C8C895A01915D82F000D50D8 /* HVPropertyEditorHandler.m */ = {isa = PBXFileReference; fileEncoding = 4; lastKnownFileType = sourcecode.c.objc; path = HVPropertyEditorHandler.m; sourceTree = "<group>"; };
		C8C895A11915D82F000D50D8 /* HVStaticFileHandler.h */ = {isa = PBXFileReference; fileEncoding = 4; lastKnownFileType = sourcecode.c.h; path = HVStaticFileHandler.h; sourceTree = "<group>"; };
		C8C895A21915D82F000D50D8 /* HVStaticFileHandler.m */ = {isa = PBXFileReference; fileEncoding = 4; lastKnownFileType = sourcecode.c.objc; path = HVStaticFileHandler.m; sourceTree = "<group>"; };
		C8C895A31915D82F000D50D8 /* HVBaseRequestHandler.h */ = {isa = PBXFileReference; fileEncoding = 4; lastKnownFileType = sourcecode.c.h; path = HVBaseRequestHandler.h; sourceTree = "<group>"; };
		C8C895A41915D82F000D50D8 /* HVBaseRequestHandler.m */ = {isa = PBXFileReference; fileEncoding = 4; lastKnownFileType = sourcecode.c.objc; path = HVBaseRequestHandler.m; sourceTree = "<group>"; };
		C8C895A51915D82F000D50D8 /* HVHTTPServer.h */ = {isa = PBXFileReference; fileEncoding = 4; lastKnownFileType = sourcecode.c.h; path = HVHTTPServer.h; sourceTree = "<group>"; };
		C8C895A61915D82F000D50D8 /* HVHTTPServer.m */ = {isa = PBXFileReference; fileEncoding = 4; lastKnownFileType = sourcecode.c.objc; path = HVHTTPServer.m; sourceTree = "<group>"; };
		C8C895A71915D82F000D50D8 /* HVDefines.h */ = {isa = PBXFileReference; fileEncoding = 4; lastKnownFileType = sourcecode.c.h; name = HVDefines.h; path = "../../iOS-Hierarchy-Viewer/iOSViewHierarchy/HVDefines.h"; sourceTree = "<group>"; };
		C8C895A81915D82F000D50D8 /* HVHierarchyScanner.h */ = {isa = PBXFileReference; fileEncoding = 4; lastKnownFileType = sourcecode.c.h; name = HVHierarchyScanner.h; path = "../../iOS-Hierarchy-Viewer/iOSViewHierarchy/HVHierarchyScanner.h"; sourceTree = "<group>"; };
		C8C895A91915D82F000D50D8 /* HVHierarchyScanner.m */ = {isa = PBXFileReference; fileEncoding = 4; lastKnownFileType = sourcecode.c.objc; name = HVHierarchyScanner.m; path = "../../iOS-Hierarchy-Viewer/iOSViewHierarchy/HVHierarchyScanner.m"; sourceTree = "<group>"; };
		C8C895AA1915D82F000D50D8 /* iOSHierarchyViewer-Prefix.pch */ = {isa = PBXFileReference; fileEncoding = 4; lastKnownFileType = sourcecode.c.h; name = "iOSHierarchyViewer-Prefix.pch"; path = "../../iOS-Hierarchy-Viewer/iOSViewHierarchy/iOSHierarchyViewer-Prefix.pch"; sourceTree = "<group>"; };
		C8C895AB1915D82F000D50D8 /* iOSHierarchyViewer.h */ = {isa = PBXFileReference; fileEncoding = 4; lastKnownFileType = sourcecode.c.h; name = iOSHierarchyViewer.h; path = "../../iOS-Hierarchy-Viewer/iOSViewHierarchy/iOSHierarchyViewer.h"; sourceTree = "<group>"; };
		C8C895AC1915D82F000D50D8 /* iOSHierarchyViewer.m */ = {isa = PBXFileReference; fileEncoding = 4; lastKnownFileType = sourcecode.c.objc; name = iOSHierarchyViewer.m; path = "../../iOS-Hierarchy-Viewer/iOSViewHierarchy/iOSHierarchyViewer.m"; sourceTree = "<group>"; };
		C8C895AE1915D82F000D50D8 /* index_core.html */ = {isa = PBXFileReference; fileEncoding = 4; lastKnownFileType = text.html; path = index_core.html; sourceTree = "<group>"; };
		C8C895AF1915D82F000D50D8 /* index_ui.html */ = {isa = PBXFileReference; fileEncoding = 4; lastKnownFileType = text.html; path = index_ui.html; sourceTree = "<group>"; };
		C8C895B01915D82F000D50D8 /* jquery.js */ = {isa = PBXFileReference; fileEncoding = 4; lastKnownFileType = sourcecode.javascript; path = jquery.js; sourceTree = "<group>"; };
		C8C895B11915D82F000D50D8 /* navbar.js */ = {isa = PBXFileReference; fileEncoding = 4; lastKnownFileType = sourcecode.javascript; path = navbar.js; sourceTree = "<group>"; };
		C8C895B21915D82F000D50D8 /* style.css */ = {isa = PBXFileReference; fileEncoding = 4; lastKnownFileType = text.css; path = style.css; sourceTree = "<group>"; };
		C8C895B31915D82F000D50D8 /* webapp_index_core.h */ = {isa = PBXFileReference; fileEncoding = 4; lastKnownFileType = sourcecode.c.h; path = webapp_index_core.h; sourceTree = "<group>"; };
		C8C895B41915D82F000D50D8 /* webapp_index_ui.h */ = {isa = PBXFileReference; fileEncoding = 4; lastKnownFileType = sourcecode.c.h; path = webapp_index_ui.h; sourceTree = "<group>"; };
		C8C895B51915D82F000D50D8 /* webapp_jquery.h */ = {isa = PBXFileReference; fileEncoding = 4; lastKnownFileType = sourcecode.c.h; path = webapp_jquery.h; sourceTree = "<group>"; };
		C8C895B61915D82F000D50D8 /* webapp_navbar.h */ = {isa = PBXFileReference; fileEncoding = 4; lastKnownFileType = sourcecode.c.h; path = webapp_navbar.h; sourceTree = "<group>"; };
		C8C895B71915D82F000D50D8 /* webapp_style.h */ = {isa = PBXFileReference; fileEncoding = 4; lastKnownFileType = sourcecode.c.h; path = webapp_style.h; sourceTree = "<group>"; };
		C8C8962F19160072000D50D8 /* BaseCommand.h */ = {isa = PBXFileReference; fileEncoding = 4; lastKnownFileType = sourcecode.c.h; path = BaseCommand.h; sourceTree = "<group>"; };
		C8C8963019160072000D50D8 /* BaseCommand.m */ = {isa = PBXFileReference; fileEncoding = 4; lastKnownFileType = sourcecode.c.objc; path = BaseCommand.m; sourceTree = "<group>"; };
		C8C896381916069E000D50D8 /* ActionProtocol.h */ = {isa = PBXFileReference; fileEncoding = 4; lastKnownFileType = sourcecode.c.h; path = ActionProtocol.h; sourceTree = "<group>"; };
		C8C896391916069E000D50D8 /* ActionProtocol.m */ = {isa = PBXFileReference; fileEncoding = 4; lastKnownFileType = sourcecode.c.objc; path = ActionProtocol.m; sourceTree = "<group>"; };
		C8C8963D19160BCF000D50D8 /* CommandFind.h */ = {isa = PBXFileReference; fileEncoding = 4; lastKnownFileType = sourcecode.c.h; path = CommandFind.h; sourceTree = "<group>"; };
		C8C8963E19160BCF000D50D8 /* CommandFind.m */ = {isa = PBXFileReference; fileEncoding = 4; lastKnownFileType = sourcecode.c.objc; path = CommandFind.m; sourceTree = "<group>"; };
		C8C8964019160D42000D50D8 /* JSONKit.h */ = {isa = PBXFileReference; fileEncoding = 4; lastKnownFileType = sourcecode.c.h; path = JSONKit.h; sourceTree = "<group>"; };
		C8C8964119160D42000D50D8 /* JSONKit.m */ = {isa = PBXFileReference; fileEncoding = 4; lastKnownFileType = sourcecode.c.objc; path = JSONKit.m; sourceTree = "<group>"; };
		C8C89644191631F9000D50D8 /* CommandDeviceInfo.h */ = {isa = PBXFileReference; fileEncoding = 4; lastKnownFileType = sourcecode.c.h; path = CommandDeviceInfo.h; sourceTree = "<group>"; };
		C8C89645191631F9000D50D8 /* CommandDeviceInfo.m */ = {isa = PBXFileReference; fileEncoding = 4; lastKnownFileType = sourcecode.c.objc; path = CommandDeviceInfo.m; sourceTree = "<group>"; };
		C8C8964719163513000D50D8 /* CommandScreenShot.h */ = {isa = PBXFileReference; fileEncoding = 4; lastKnownFileType = sourcecode.c.h; path = CommandScreenShot.h; sourceTree = "<group>"; };
		C8C8964819163513000D50D8 /* CommandScreenShot.m */ = {isa = PBXFileReference; fileEncoding = 4; lastKnownFileType = sourcecode.c.objc; path = CommandScreenShot.m; sourceTree = "<group>"; };
		C8C8964A19163747000D50D8 /* CommandClick.h */ = {isa = PBXFileReference; fileEncoding = 4; lastKnownFileType = sourcecode.c.h; path = CommandClick.h; sourceTree = "<group>"; };
		C8C8964B19163747000D50D8 /* CommandClick.m */ = {isa = PBXFileReference; fileEncoding = 4; lastKnownFileType = sourcecode.c.objc; path = CommandClick.m; sourceTree = "<group>"; };
		C8C8966B1917287A000D50D8 /* LoadableCategory.h */ = {isa = PBXFileReference; fileEncoding = 4; lastKnownFileType = sourcecode.c.h; name = LoadableCategory.h; path = ../../../KIF/Additions/LoadableCategory.h; sourceTree = "<group>"; };
		C8C8966C1917287A000D50D8 /* CGGeometry-KIFAdditions.h */ = {isa = PBXFileReference; fileEncoding = 4; lastKnownFileType = sourcecode.c.h; name = "CGGeometry-KIFAdditions.h"; path = "../../../KIF/Additions/CGGeometry-KIFAdditions.h"; sourceTree = "<group>"; };
		C8C8966D1917287A000D50D8 /* CGGeometry-KIFAdditions.m */ = {isa = PBXFileReference; fileEncoding = 4; lastKnownFileType = sourcecode.c.objc; name = "CGGeometry-KIFAdditions.m"; path = "../../../KIF/Additions/CGGeometry-KIFAdditions.m"; sourceTree = "<group>"; };
		C8C8966E1917287A000D50D8 /* NSFileManager-KIFAdditions.h */ = {isa = PBXFileReference; fileEncoding = 4; lastKnownFileType = sourcecode.c.h; name = "NSFileManager-KIFAdditions.h"; path = "../../../KIF/Additions/NSFileManager-KIFAdditions.h"; sourceTree = "<group>"; };
		C8C8966F1917287A000D50D8 /* NSFileManager-KIFAdditions.m */ = {isa = PBXFileReference; fileEncoding = 4; lastKnownFileType = sourcecode.c.objc; name = "NSFileManager-KIFAdditions.m"; path = "../../../KIF/Additions/NSFileManager-KIFAdditions.m"; sourceTree = "<group>"; };
		C8C896701917287A000D50D8 /* UIAccessibilityElement-KIFAdditions.h */ = {isa = PBXFileReference; fileEncoding = 4; lastKnownFileType = sourcecode.c.h; name = "UIAccessibilityElement-KIFAdditions.h"; path = "../../../KIF/Additions/UIAccessibilityElement-KIFAdditions.h"; sourceTree = "<group>"; };
		C8C896711917287A000D50D8 /* UIAccessibilityElement-KIFAdditions.m */ = {isa = PBXFileReference; fileEncoding = 4; lastKnownFileType = sourcecode.c.objc; name = "UIAccessibilityElement-KIFAdditions.m"; path = "../../../KIF/Additions/UIAccessibilityElement-KIFAdditions.m"; sourceTree = "<group>"; };
		C8C896721917287A000D50D8 /* UIApplication-KIFAdditions.h */ = {isa = PBXFileReference; fileEncoding = 4; lastKnownFileType = sourcecode.c.h; name = "UIApplication-KIFAdditions.h"; path = "../../../KIF/Additions/UIApplication-KIFAdditions.h"; sourceTree = "<group>"; };
		C8C896731917287A000D50D8 /* UIApplication-KIFAdditions.m */ = {isa = PBXFileReference; fileEncoding = 4; lastKnownFileType = sourcecode.c.objc; name = "UIApplication-KIFAdditions.m"; path = "../../../KIF/Additions/UIApplication-KIFAdditions.m"; sourceTree = "<group>"; };
		C8C896741917287A000D50D8 /* UIScrollView-KIFAdditions.h */ = {isa = PBXFileReference; fileEncoding = 4; lastKnownFileType = sourcecode.c.h; name = "UIScrollView-KIFAdditions.h"; path = "../../../KIF/Additions/UIScrollView-KIFAdditions.h"; sourceTree = "<group>"; };
		C8C896751917287A000D50D8 /* UIScrollView-KIFAdditions.m */ = {isa = PBXFileReference; fileEncoding = 4; lastKnownFileType = sourcecode.c.objc; name = "UIScrollView-KIFAdditions.m"; path = "../../../KIF/Additions/UIScrollView-KIFAdditions.m"; sourceTree = "<group>"; };
		C8C896761917287A000D50D8 /* UITouch-KIFAdditions.h */ = {isa = PBXFileReference; fileEncoding = 4; lastKnownFileType = sourcecode.c.h; name = "UITouch-KIFAdditions.h"; path = "../../../KIF/Additions/UITouch-KIFAdditions.h"; sourceTree = "<group>"; };
		C8C896771917287A000D50D8 /* UITouch-KIFAdditions.m */ = {isa = PBXFileReference; fileEncoding = 4; lastKnownFileType = sourcecode.c.objc; name = "UITouch-KIFAdditions.m"; path = "../../../KIF/Additions/UITouch-KIFAdditions.m"; sourceTree = "<group>"; };
		C8C896781917287A000D50D8 /* UIView-KIFAdditions.h */ = {isa = PBXFileReference; fileEncoding = 4; lastKnownFileType = sourcecode.c.h; name = "UIView-KIFAdditions.h"; path = "../../../KIF/Additions/UIView-KIFAdditions.h"; sourceTree = "<group>"; };
		C8C896791917287A000D50D8 /* UIView-KIFAdditions.m */ = {isa = PBXFileReference; fileEncoding = 4; lastKnownFileType = sourcecode.c.objc; name = "UIView-KIFAdditions.m"; path = "../../../KIF/Additions/UIView-KIFAdditions.m"; sourceTree = "<group>"; };
		C8C8967A1917287A000D50D8 /* UIWindow-KIFAdditions.h */ = {isa = PBXFileReference; fileEncoding = 4; lastKnownFileType = sourcecode.c.h; name = "UIWindow-KIFAdditions.h"; path = "../../../KIF/Additions/UIWindow-KIFAdditions.h"; sourceTree = "<group>"; };
		C8C8967B1917287A000D50D8 /* UIWindow-KIFAdditions.m */ = {isa = PBXFileReference; fileEncoding = 4; lastKnownFileType = sourcecode.c.objc; name = "UIWindow-KIFAdditions.m"; path = "../../../KIF/Additions/UIWindow-KIFAdditions.m"; sourceTree = "<group>"; };
		C8C8967C1917287A000D50D8 /* UITableView-KIFAdditions.h */ = {isa = PBXFileReference; fileEncoding = 4; lastKnownFileType = sourcecode.c.h; name = "UITableView-KIFAdditions.h"; path = "../../../KIF/Additions/UITableView-KIFAdditions.h"; sourceTree = "<group>"; };
		C8C8967D1917287A000D50D8 /* UITableView-KIFAdditions.m */ = {isa = PBXFileReference; fileEncoding = 4; lastKnownFileType = sourcecode.c.objc; name = "UITableView-KIFAdditions.m"; path = "../../../KIF/Additions/UITableView-KIFAdditions.m"; sourceTree = "<group>"; };
/* End PBXFileReference section */

/* Begin PBXFrameworksBuildPhase section */
		C8B7DC4B19109A500093FEDC /* Frameworks */ = {
			isa = PBXFrameworksBuildPhase;
			buildActionMask = 2147483647;
			files = (
				1AAE171A1912809D00827139 /* QuartzCore.framework in Frameworks */,
				C8B7DC5419109A500093FEDC /* CoreGraphics.framework in Frameworks */,
				C8B7DC5619109A500093FEDC /* UIKit.framework in Frameworks */,
				C8B7DC5219109A500093FEDC /* Foundation.framework in Frameworks */,
			);
			runOnlyForDeploymentPostprocessing = 0;
		};
		C8B7DC6F19109A510093FEDC /* Frameworks */ = {
			isa = PBXFrameworksBuildPhase;
			buildActionMask = 2147483647;
			files = (
				C8B7DC7419109A510093FEDC /* XCTest.framework in Frameworks */,
				C8B7DC7619109A510093FEDC /* UIKit.framework in Frameworks */,
				C8B7DC7519109A510093FEDC /* Foundation.framework in Frameworks */,
			);
			runOnlyForDeploymentPostprocessing = 0;
		};
/* End PBXFrameworksBuildPhase section */

/* Begin PBXGroup section */
		C8B7DC4519109A500093FEDC = {
			isa = PBXGroup;
			children = (
				C8B7DC5019109A500093FEDC /* Frameworks */,
				C8B7DC4F19109A500093FEDC /* Products */,
				C8B7DC921910AB2B0093FEDC /* Resources */,
				C8B7DC5719109A500093FEDC /* SocketConnect */,
				C8B7DC7919109A510093FEDC /* SocketConnectTests */,
			);
			sourceTree = "<group>";
		};
		C8B7DC4F19109A500093FEDC /* Products */ = {
			isa = PBXGroup;
			children = (
				C8B7DC4E19109A500093FEDC /* SocketConnect.app */,
				C8B7DC7219109A510093FEDC /* SocketConnectTests.xctest */,
			);
			name = Products;
			sourceTree = "<group>";
		};
		C8B7DC5019109A500093FEDC /* Frameworks */ = {
			isa = PBXGroup;
			children = (
				1AAE17191912809D00827139 /* QuartzCore.framework */,
				C8B7DC5119109A500093FEDC /* Foundation.framework */,
				C8B7DC5319109A500093FEDC /* CoreGraphics.framework */,
				C8B7DC5519109A500093FEDC /* UIKit.framework */,
				C8B7DC7319109A510093FEDC /* XCTest.framework */,
			);
			name = Frameworks;
			sourceTree = "<group>";
		};
		C8B7DC5719109A500093FEDC /* SocketConnect */ = {
			isa = PBXGroup;
			children = (
				C8C8966A1917286C000D50D8 /* Addition */,
				C8C8964319160D4A000D50D8 /* util */,
				C8C8963C19160B2A000D50D8 /* command */,
				C8C8963B19160AD2000D50D8 /* action */,
				C8C895951915D82F000D50D8 /* http */,
				C8C895A71915D82F000D50D8 /* HVDefines.h */,
				C8C895A81915D82F000D50D8 /* HVHierarchyScanner.h */,
				C8C895A91915D82F000D50D8 /* HVHierarchyScanner.m */,
				C8C895AA1915D82F000D50D8 /* iOSHierarchyViewer-Prefix.pch */,
				C8C895AB1915D82F000D50D8 /* iOSHierarchyViewer.h */,
				C8C895AC1915D82F000D50D8 /* iOSHierarchyViewer.m */,
				C8C895AD1915D82F000D50D8 /* webapp */,
				1AAE17181912807800827139 /* iOSHierarchyViewer.h */,
				C8B7DC951910BE410093FEDC /* Main_iPad.storyboard */,
				C8B7DC961910BE410093FEDC /* Main_iPhone.storyboard */,
				C8B7DC8D1910A9430093FEDC /* SocketViewController.h */,
				C8B7DC8E1910A9430093FEDC /* SocketViewController.m */,
				C8B7DC6019109A510093FEDC /* AppDelegate.h */,
				C8B7DC6119109A510093FEDC /* AppDelegate.m */,
				C8B7DC6919109A510093FEDC /* ViewController.h */,
				C8B7DC6A19109A510093FEDC /* ViewController.m */,
				C8B7DC6C19109A510093FEDC /* Images.xcassets */,
				C8B7DC5819109A500093FEDC /* Supporting Files */,
			);
			path = SocketConnect;
			sourceTree = "<group>";
		};
		C8B7DC5819109A500093FEDC /* Supporting Files */ = {
			isa = PBXGroup;
			children = (
				C8B7DC5919109A500093FEDC /* SocketConnect-Info.plist */,
				C8B7DC5A19109A510093FEDC /* InfoPlist.strings */,
				C8B7DC5D19109A510093FEDC /* main.m */,
				C8B7DC5F19109A510093FEDC /* SocketConnect-Prefix.pch */,
			);
			name = "Supporting Files";
			sourceTree = "<group>";
		};
		C8B7DC7919109A510093FEDC /* SocketConnectTests */ = {
			isa = PBXGroup;
			children = (
				C8B7DC7F19109A510093FEDC /* SocketConnectTests.m */,
				C8B7DC7A19109A510093FEDC /* Supporting Files */,
			);
			path = SocketConnectTests;
			sourceTree = "<group>";
		};
		C8B7DC7A19109A510093FEDC /* Supporting Files */ = {
			isa = PBXGroup;
			children = (
				C8B7DC7B19109A510093FEDC /* SocketConnectTests-Info.plist */,
				C8B7DC7C19109A510093FEDC /* InfoPlist.strings */,
			);
			name = "Supporting Files";
			sourceTree = "<group>";
		};
		C8B7DC921910AB2B0093FEDC /* Resources */ = {
			isa = PBXGroup;
			children = (
				C8B7DC931910AB8F0093FEDC /* SocketViewController.xib */,
			);
			name = Resources;
			sourceTree = "<group>";
		};
		C8C895951915D82F000D50D8 /* http */ = {
			isa = PBXGroup;
			children = (
				C8C895961915D82F000D50D8 /* api */,
				C8C895A31915D82F000D50D8 /* HVBaseRequestHandler.h */,
				C8C895A41915D82F000D50D8 /* HVBaseRequestHandler.m */,
				C8C895A51915D82F000D50D8 /* HVHTTPServer.h */,
				C8C895A61915D82F000D50D8 /* HVHTTPServer.m */,
			);
			name = http;
			path = "../../iOS-Hierarchy-Viewer/iOSViewHierarchy/http";
			sourceTree = "<group>";
		};
		C8C895961915D82F000D50D8 /* api */ = {
			isa = PBXGroup;
			children = (
				C8C895971915D82F000D50D8 /* HVBase64StaticFile.h */,
				C8C895981915D82F000D50D8 /* HVBase64StaticFile.m */,
				C8C895991915D82F000D50D8 /* HVCoreDataHandler.h */,
				C8C8959A1915D82F000D50D8 /* HVCoreDataHandler.m */,
				C8C8959B1915D82F000D50D8 /* HVHierarchyHandler.h */,
				C8C8959C1915D82F000D50D8 /* HVHierarchyHandler.m */,
				C8C8959D1915D82F000D50D8 /* HVPreviewHandler.h */,
				C8C8959E1915D82F000D50D8 /* HVPreviewHandler.m */,
				C8C8959F1915D82F000D50D8 /* HVPropertyEditorHandler.h */,
				C8C895A01915D82F000D50D8 /* HVPropertyEditorHandler.m */,
				C8C895A11915D82F000D50D8 /* HVStaticFileHandler.h */,
				C8C895A21915D82F000D50D8 /* HVStaticFileHandler.m */,
			);
			path = api;
			sourceTree = "<group>";
		};
		C8C895AD1915D82F000D50D8 /* webapp */ = {
			isa = PBXGroup;
			children = (
				C8C895AE1915D82F000D50D8 /* index_core.html */,
				C8C895AF1915D82F000D50D8 /* index_ui.html */,
				C8C895B01915D82F000D50D8 /* jquery.js */,
				C8C895B11915D82F000D50D8 /* navbar.js */,
				C8C895B21915D82F000D50D8 /* style.css */,
				C8C895B31915D82F000D50D8 /* webapp_index_core.h */,
				C8C895B41915D82F000D50D8 /* webapp_index_ui.h */,
				C8C895B51915D82F000D50D8 /* webapp_jquery.h */,
				C8C895B61915D82F000D50D8 /* webapp_navbar.h */,
				C8C895B71915D82F000D50D8 /* webapp_style.h */,
			);
			name = webapp;
			path = "../../iOS-Hierarchy-Viewer/iOSViewHierarchy/webapp";
			sourceTree = "<group>";
		};
		C8C8963B19160AD2000D50D8 /* action */ = {
			isa = PBXGroup;
			children = (
				C8C8962F19160072000D50D8 /* BaseCommand.h */,
				C8C8963019160072000D50D8 /* BaseCommand.m */,
				C8C8963D19160BCF000D50D8 /* CommandFind.h */,
				C8C8963E19160BCF000D50D8 /* CommandFind.m */,
				C8C89644191631F9000D50D8 /* CommandDeviceInfo.h */,
				C8C89645191631F9000D50D8 /* CommandDeviceInfo.m */,
				C8C8964719163513000D50D8 /* CommandScreenShot.h */,
				C8C8964819163513000D50D8 /* CommandScreenShot.m */,
				C8C8964A19163747000D50D8 /* CommandClick.h */,
				C8C8964B19163747000D50D8 /* CommandClick.m */,
				C8667AE219177363003D44CF /* CommandKey.h */,
				C8667AE319177363003D44CF /* CommandKey.m */,
			);
			name = action;
			sourceTree = "<group>";
		};
		C8C8963C19160B2A000D50D8 /* command */ = {
			isa = PBXGroup;
			children = (
				C8C896381916069E000D50D8 /* ActionProtocol.h */,
				C8C896391916069E000D50D8 /* ActionProtocol.m */,
			);
			name = command;
			sourceTree = "<group>";
		};
		C8C8964319160D4A000D50D8 /* util */ = {
			isa = PBXGroup;
			children = (
				1A55B0CC191243A1000BCCD4 /* TypeSwapUtil.h */,
				1A55B0CD191243A1000BCCD4 /* TypeSwapUtil.m */,
				C8C8964019160D42000D50D8 /* JSONKit.h */,
				C8C8964119160D42000D50D8 /* JSONKit.m */,
			);
			name = util;
			sourceTree = "<group>";
		};
		C8C8966A1917286C000D50D8 /* Addition */ = {
			isa = PBXGroup;
			children = (
				C8C8966B1917287A000D50D8 /* LoadableCategory.h */,
				C8C8966C1917287A000D50D8 /* CGGeometry-KIFAdditions.h */,
				C8C8966D1917287A000D50D8 /* CGGeometry-KIFAdditions.m */,
				C8C8966E1917287A000D50D8 /* NSFileManager-KIFAdditions.h */,
				C8C8966F1917287A000D50D8 /* NSFileManager-KIFAdditions.m */,
				C8C896701917287A000D50D8 /* UIAccessibilityElement-KIFAdditions.h */,
				C8C896711917287A000D50D8 /* UIAccessibilityElement-KIFAdditions.m */,
				C8C896721917287A000D50D8 /* UIApplication-KIFAdditions.h */,
				C8C896731917287A000D50D8 /* UIApplication-KIFAdditions.m */,
				C8C896741917287A000D50D8 /* UIScrollView-KIFAdditions.h */,
				C8C896751917287A000D50D8 /* UIScrollView-KIFAdditions.m */,
				C8C896761917287A000D50D8 /* UITouch-KIFAdditions.h */,
				C8C896771917287A000D50D8 /* UITouch-KIFAdditions.m */,
				C8C896781917287A000D50D8 /* UIView-KIFAdditions.h */,
				C8C896791917287A000D50D8 /* UIView-KIFAdditions.m */,
				C8C8967A1917287A000D50D8 /* UIWindow-KIFAdditions.h */,
				C8C8967B1917287A000D50D8 /* UIWindow-KIFAdditions.m */,
				C8C8967C1917287A000D50D8 /* UITableView-KIFAdditions.h */,
				C8C8967D1917287A000D50D8 /* UITableView-KIFAdditions.m */,
			);
			name = Addition;
			sourceTree = "<group>";
		};
/* End PBXGroup section */

/* Begin PBXNativeTarget section */
		C8B7DC4D19109A500093FEDC /* SocketConnect */ = {
			isa = PBXNativeTarget;
			buildConfigurationList = C8B7DC8319109A510093FEDC /* Build configuration list for PBXNativeTarget "SocketConnect" */;
			buildPhases = (
				C8B7DC4A19109A500093FEDC /* Sources */,
				C8B7DC4B19109A500093FEDC /* Frameworks */,
				C8B7DC4C19109A500093FEDC /* Resources */,
			);
			buildRules = (
			);
			dependencies = (
			);
			name = SocketConnect;
			productName = SocketConnect;
			productReference = C8B7DC4E19109A500093FEDC /* SocketConnect.app */;
			productType = "com.apple.product-type.application";
		};
		C8B7DC7119109A510093FEDC /* SocketConnectTests */ = {
			isa = PBXNativeTarget;
			buildConfigurationList = C8B7DC8619109A510093FEDC /* Build configuration list for PBXNativeTarget "SocketConnectTests" */;
			buildPhases = (
				C8B7DC6E19109A510093FEDC /* Sources */,
				C8B7DC6F19109A510093FEDC /* Frameworks */,
				C8B7DC7019109A510093FEDC /* Resources */,
			);
			buildRules = (
			);
			dependencies = (
				C8B7DC7819109A510093FEDC /* PBXTargetDependency */,
			);
			name = SocketConnectTests;
			productName = SocketConnectTests;
			productReference = C8B7DC7219109A510093FEDC /* SocketConnectTests.xctest */;
			productType = "com.apple.product-type.bundle.unit-test";
		};
/* End PBXNativeTarget section */

/* Begin PBXProject section */
		C8B7DC4619109A500093FEDC /* Project object */ = {
			isa = PBXProject;
			attributes = {
				LastUpgradeCheck = 0500;
				ORGANIZATIONNAME = yrguo;
				TargetAttributes = {
					C8B7DC7119109A510093FEDC = {
						TestTargetID = C8B7DC4D19109A500093FEDC;
					};
				};
			};
			buildConfigurationList = C8B7DC4919109A500093FEDC /* Build configuration list for PBXProject "SocketConnect" */;
			compatibilityVersion = "Xcode 3.2";
			developmentRegion = English;
			hasScannedForEncodings = 0;
			knownRegions = (
				en,
				Base,
			);
			mainGroup = C8B7DC4519109A500093FEDC;
			productRefGroup = C8B7DC4F19109A500093FEDC /* Products */;
			projectDirPath = "";
			projectRoot = "";
			targets = (
				C8B7DC4D19109A500093FEDC /* SocketConnect */,
				C8B7DC7119109A510093FEDC /* SocketConnectTests */,
			);
		};
/* End PBXProject section */

/* Begin PBXResourcesBuildPhase section */
		C8B7DC4C19109A500093FEDC /* Resources */ = {
			isa = PBXResourcesBuildPhase;
			buildActionMask = 2147483647;
			files = (
				C8B7DC6D19109A510093FEDC /* Images.xcassets in Resources */,
				C8B7DC971910BE410093FEDC /* Main_iPad.storyboard in Resources */,
				C8B7DC981910BE410093FEDC /* Main_iPhone.storyboard in Resources */,
				C8C896011915D82F000D50D8 /* index_ui.html in Resources */,
				C8C896041915D82F000D50D8 /* style.css in Resources */,
				C8B7DC5C19109A510093FEDC /* InfoPlist.strings in Resources */,
				C8B7DC941910AB8F0093FEDC /* SocketViewController.xib in Resources */,
				C8C896001915D82F000D50D8 /* index_core.html in Resources */,
			);
			runOnlyForDeploymentPostprocessing = 0;
		};
		C8B7DC7019109A510093FEDC /* Resources */ = {
			isa = PBXResourcesBuildPhase;
			buildActionMask = 2147483647;
			files = (
				C8B7DC7E19109A510093FEDC /* InfoPlist.strings in Resources */,
			);
			runOnlyForDeploymentPostprocessing = 0;
		};
/* End PBXResourcesBuildPhase section */

/* Begin PBXSourcesBuildPhase section */
		C8B7DC4A19109A500093FEDC /* Sources */ = {
			isa = PBXSourcesBuildPhase;
			buildActionMask = 2147483647;
			files = (
				C8C8964919163513000D50D8 /* CommandScreenShot.m in Sources */,
				C8C8963F19160BCF000D50D8 /* CommandFind.m in Sources */,
				C8C89646191631F9000D50D8 /* CommandDeviceInfo.m in Sources */,
				C8C895FF1915D82F000D50D8 /* iOSHierarchyViewer.m in Sources */,
				C8C8963A1916069E000D50D8 /* ActionProtocol.m in Sources */,
				C8C895F61915D82F000D50D8 /* HVBase64StaticFile.m in Sources */,
				C8B7DC6B19109A510093FEDC /* ViewController.m in Sources */,
				C8C896891917287A000D50D8 /* NSFileManager-KIFAdditions.m in Sources */,
				C8C8964219160D42000D50D8 /* JSONKit.m in Sources */,
				C8C895F81915D82F000D50D8 /* HVHierarchyHandler.m in Sources */,
				C8C896901917287A000D50D8 /* UITableView-KIFAdditions.m in Sources */,
				C8C8968F1917287A000D50D8 /* UIWindow-KIFAdditions.m in Sources */,
				C8C896021915D82F000D50D8 /* jquery.js in Sources */,
				C8C895F91915D82F000D50D8 /* HVPreviewHandler.m in Sources */,
				1A55B0CE191243A1000BCCD4 /* TypeSwapUtil.m in Sources */,
				C8C8968C1917287A000D50D8 /* UIScrollView-KIFAdditions.m in Sources */,
				C8C8968E1917287A000D50D8 /* UIView-KIFAdditions.m in Sources */,
				C8C8968D1917287A000D50D8 /* UITouch-KIFAdditions.m in Sources */,
				C8C8968A1917287A000D50D8 /* UIAccessibilityElement-KIFAdditions.m in Sources */,
				C8B7DC8F1910A9430093FEDC /* SocketViewController.m in Sources */,
				C8C896031915D82F000D50D8 /* navbar.js in Sources */,
				C8667AE419177363003D44CF /* CommandKey.m in Sources */,
				C8C8964C19163747000D50D8 /* CommandClick.m in Sources */,
				C8C895FA1915D82F000D50D8 /* HVPropertyEditorHandler.m in Sources */,
				C8C895F71915D82F000D50D8 /* HVCoreDataHandler.m in Sources */,
				C8C896881917287A000D50D8 /* CGGeometry-KIFAdditions.m in Sources */,
				C8C8968B1917287A000D50D8 /* UIApplication-KIFAdditions.m in Sources */,
				C8C895FB1915D82F000D50D8 /* HVStaticFileHandler.m in Sources */,
				C8C895FC1915D82F000D50D8 /* HVBaseRequestHandler.m in Sources */,
				C8C895FE1915D82F000D50D8 /* HVHierarchyScanner.m in Sources */,
				C8B7DC6219109A510093FEDC /* AppDelegate.m in Sources */,
				C8C895FD1915D82F000D50D8 /* HVHTTPServer.m in Sources */,
				C8C8963119160072000D50D8 /* BaseCommand.m in Sources */,
				C8B7DC5E19109A510093FEDC /* main.m in Sources */,
			);
			runOnlyForDeploymentPostprocessing = 0;
		};
		C8B7DC6E19109A510093FEDC /* Sources */ = {
			isa = PBXSourcesBuildPhase;
			buildActionMask = 2147483647;
			files = (
				C8B7DC8019109A510093FEDC /* SocketConnectTests.m in Sources */,
			);
			runOnlyForDeploymentPostprocessing = 0;
		};
/* End PBXSourcesBuildPhase section */

/* Begin PBXTargetDependency section */
		C8B7DC7819109A510093FEDC /* PBXTargetDependency */ = {
			isa = PBXTargetDependency;
			target = C8B7DC4D19109A500093FEDC /* SocketConnect */;
			targetProxy = C8B7DC7719109A510093FEDC /* PBXContainerItemProxy */;
		};
/* End PBXTargetDependency section */

/* Begin PBXVariantGroup section */
		C8B7DC5A19109A510093FEDC /* InfoPlist.strings */ = {
			isa = PBXVariantGroup;
			children = (
				C8B7DC5B19109A510093FEDC /* en */,
			);
			name = InfoPlist.strings;
			sourceTree = "<group>";
		};
		C8B7DC7C19109A510093FEDC /* InfoPlist.strings */ = {
			isa = PBXVariantGroup;
			children = (
				C8B7DC7D19109A510093FEDC /* en */,
			);
			name = InfoPlist.strings;
			sourceTree = "<group>";
		};
/* End PBXVariantGroup section */

/* Begin XCBuildConfiguration section */
		C8B7DC8119109A510093FEDC /* Debug */ = {
			isa = XCBuildConfiguration;
			buildSettings = {
				ALWAYS_SEARCH_USER_PATHS = NO;
				ARCHS = "$(ARCHS_STANDARD_INCLUDING_64_BIT)";
				CLANG_CXX_LANGUAGE_STANDARD = "gnu++0x";
				CLANG_CXX_LIBRARY = "libc++";
				CLANG_ENABLE_MODULES = YES;
				CLANG_ENABLE_OBJC_ARC = YES;
				CLANG_WARN_BOOL_CONVERSION = YES;
				CLANG_WARN_CONSTANT_CONVERSION = YES;
				CLANG_WARN_DIRECT_OBJC_ISA_USAGE = YES_ERROR;
				CLANG_WARN_EMPTY_BODY = YES;
				CLANG_WARN_ENUM_CONVERSION = YES;
				CLANG_WARN_INT_CONVERSION = YES;
				CLANG_WARN_OBJC_ROOT_CLASS = YES_ERROR;
				CLANG_WARN__DUPLICATE_METHOD_MATCH = YES;
				"CODE_SIGN_IDENTITY[sdk=iphoneos*]" = "iPhone Developer";
				COPY_PHASE_STRIP = NO;
				GCC_C_LANGUAGE_STANDARD = gnu99;
				GCC_DYNAMIC_NO_PIC = NO;
				GCC_OPTIMIZATION_LEVEL = 0;
				GCC_PREPROCESSOR_DEFINITIONS = (
					"DEBUG=1",
					"$(inherited)",
				);
				GCC_SYMBOLS_PRIVATE_EXTERN = NO;
				GCC_WARN_64_TO_32_BIT_CONVERSION = YES;
				GCC_WARN_ABOUT_RETURN_TYPE = YES_ERROR;
				GCC_WARN_UNDECLARED_SELECTOR = YES;
				GCC_WARN_UNINITIALIZED_AUTOS = YES;
				GCC_WARN_UNUSED_FUNCTION = YES;
				GCC_WARN_UNUSED_VARIABLE = YES;
				IPHONEOS_DEPLOYMENT_TARGET = 7.0;
				ONLY_ACTIVE_ARCH = YES;
				SDKROOT = iphoneos;
				TARGETED_DEVICE_FAMILY = "1,2";
			};
			name = Debug;
		};
		C8B7DC8219109A510093FEDC /* Release */ = {
			isa = XCBuildConfiguration;
			buildSettings = {
				ALWAYS_SEARCH_USER_PATHS = NO;
				ARCHS = "$(ARCHS_STANDARD_INCLUDING_64_BIT)";
				CLANG_CXX_LANGUAGE_STANDARD = "gnu++0x";
				CLANG_CXX_LIBRARY = "libc++";
				CLANG_ENABLE_MODULES = YES;
				CLANG_ENABLE_OBJC_ARC = YES;
				CLANG_WARN_BOOL_CONVERSION = YES;
				CLANG_WARN_CONSTANT_CONVERSION = YES;
				CLANG_WARN_DIRECT_OBJC_ISA_USAGE = YES_ERROR;
				CLANG_WARN_EMPTY_BODY = YES;
				CLANG_WARN_ENUM_CONVERSION = YES;
				CLANG_WARN_INT_CONVERSION = YES;
				CLANG_WARN_OBJC_ROOT_CLASS = YES_ERROR;
				CLANG_WARN__DUPLICATE_METHOD_MATCH = YES;
				"CODE_SIGN_IDENTITY[sdk=iphoneos*]" = "iPhone Developer";
				COPY_PHASE_STRIP = YES;
				ENABLE_NS_ASSERTIONS = NO;
				GCC_C_LANGUAGE_STANDARD = gnu99;
				GCC_WARN_64_TO_32_BIT_CONVERSION = YES;
				GCC_WARN_ABOUT_RETURN_TYPE = YES_ERROR;
				GCC_WARN_UNDECLARED_SELECTOR = YES;
				GCC_WARN_UNINITIALIZED_AUTOS = YES;
				GCC_WARN_UNUSED_FUNCTION = YES;
				GCC_WARN_UNUSED_VARIABLE = YES;
				IPHONEOS_DEPLOYMENT_TARGET = 7.0;
				SDKROOT = iphoneos;
				TARGETED_DEVICE_FAMILY = "1,2";
				VALIDATE_PRODUCT = YES;
			};
			name = Release;
		};
		C8B7DC8419109A510093FEDC /* Debug */ = {
			isa = XCBuildConfiguration;
			buildSettings = {
				ASSETCATALOG_COMPILER_APPICON_NAME = AppIcon;
				ASSETCATALOG_COMPILER_LAUNCHIMAGE_NAME = LaunchImage;
				GCC_PRECOMPILE_PREFIX_HEADER = YES;
				GCC_PREFIX_HEADER = "SocketConnect/SocketConnect-Prefix.pch";
				INFOPLIST_FILE = "SocketConnect/SocketConnect-Info.plist";
				IPHONEOS_DEPLOYMENT_TARGET = 6.0;
				LIBRARY_SEARCH_PATHS = (
					"$(inherited)",
					/Users/yrguo/work/SocketConnect/SocketConnect/SocketConnect,
				);
				OTHER_LDFLAGS = (
					"-all_load",
					"-ObjC",
				);
				PRODUCT_NAME = "$(TARGET_NAME)";
				USER_HEADER_SEARCH_PATHS = "";
				WRAPPER_EXTENSION = app;
			};
			name = Debug;
		};
		C8B7DC8519109A510093FEDC /* Release */ = {
			isa = XCBuildConfiguration;
			buildSettings = {
				ASSETCATALOG_COMPILER_APPICON_NAME = AppIcon;
				ASSETCATALOG_COMPILER_LAUNCHIMAGE_NAME = LaunchImage;
				GCC_PRECOMPILE_PREFIX_HEADER = YES;
				GCC_PREFIX_HEADER = "SocketConnect/SocketConnect-Prefix.pch";
				INFOPLIST_FILE = "SocketConnect/SocketConnect-Info.plist";
				IPHONEOS_DEPLOYMENT_TARGET = 6.0;
				LIBRARY_SEARCH_PATHS = (
					"$(inherited)",
					/Users/yrguo/work/SocketConnect/SocketConnect/SocketConnect,
				);
				OTHER_LDFLAGS = (
					"-all_load",
					"-ObjC",
				);
				PRODUCT_NAME = "$(TARGET_NAME)";
				USER_HEADER_SEARCH_PATHS = "";
				WRAPPER_EXTENSION = app;
			};
			name = Release;
		};
		C8B7DC8719109A510093FEDC /* Debug */ = {
			isa = XCBuildConfiguration;
			buildSettings = {
				ARCHS = "$(ARCHS_STANDARD_INCLUDING_64_BIT)";
				BUNDLE_LOADER = "$(BUILT_PRODUCTS_DIR)/SocketConnect.app/SocketConnect";
				FRAMEWORK_SEARCH_PATHS = (
					"$(SDKROOT)/Developer/Library/Frameworks",
					"$(inherited)",
					"$(DEVELOPER_FRAMEWORKS_DIR)",
				);
				GCC_PRECOMPILE_PREFIX_HEADER = YES;
				GCC_PREFIX_HEADER = "SocketConnect/SocketConnect-Prefix.pch";
				GCC_PREPROCESSOR_DEFINITIONS = (
					"DEBUG=1",
					"$(inherited)",
				);
				INFOPLIST_FILE = "SocketConnectTests/SocketConnectTests-Info.plist";
				PRODUCT_NAME = "$(TARGET_NAME)";
				TEST_HOST = "$(BUNDLE_LOADER)";
				WRAPPER_EXTENSION = xctest;
			};
			name = Debug;
		};
		C8B7DC8819109A510093FEDC /* Release */ = {
			isa = XCBuildConfiguration;
			buildSettings = {
				ARCHS = "$(ARCHS_STANDARD_INCLUDING_64_BIT)";
				BUNDLE_LOADER = "$(BUILT_PRODUCTS_DIR)/SocketConnect.app/SocketConnect";
				FRAMEWORK_SEARCH_PATHS = (
					"$(SDKROOT)/Developer/Library/Frameworks",
					"$(inherited)",
					"$(DEVELOPER_FRAMEWORKS_DIR)",
				);
				GCC_PRECOMPILE_PREFIX_HEADER = YES;
				GCC_PREFIX_HEADER = "SocketConnect/SocketConnect-Prefix.pch";
				INFOPLIST_FILE = "SocketConnectTests/SocketConnectTests-Info.plist";
				PRODUCT_NAME = "$(TARGET_NAME)";
				TEST_HOST = "$(BUNDLE_LOADER)";
				WRAPPER_EXTENSION = xctest;
			};
			name = Release;
		};
/* End XCBuildConfiguration section */

/* Begin XCConfigurationList section */
		C8B7DC4919109A500093FEDC /* Build configuration list for PBXProject "SocketConnect" */ = {
			isa = XCConfigurationList;
			buildConfigurations = (
				C8B7DC8119109A510093FEDC /* Debug */,
				C8B7DC8219109A510093FEDC /* Release */,
			);
			defaultConfigurationIsVisible = 0;
			defaultConfigurationName = Release;
		};
		C8B7DC8319109A510093FEDC /* Build configuration list for PBXNativeTarget "SocketConnect" */ = {
			isa = XCConfigurationList;
			buildConfigurations = (
				C8B7DC8419109A510093FEDC /* Debug */,
				C8B7DC8519109A510093FEDC /* Release */,
			);
			defaultConfigurationIsVisible = 0;
			defaultConfigurationName = Release;
		};
		C8B7DC8619109A510093FEDC /* Build configuration list for PBXNativeTarget "SocketConnectTests" */ = {
			isa = XCConfigurationList;
			buildConfigurations = (
				C8B7DC8719109A510093FEDC /* Debug */,
				C8B7DC8819109A510093FEDC /* Release */,
			);
			defaultConfigurationIsVisible = 0;
			defaultConfigurationName = Release;
		};
/* End XCConfigurationList section */
	};
	rootObject = C8B7DC4619109A500093FEDC /* Project object */;
}
